// !$*UTF8*$!
{
	archiveVersion = 1;
	classes = {
	};
	objectVersion = 46;
	objects = {

/* Begin PBXBuildFile section */
		1F63983F7DBD32DAD980D712 /* Pods_HatnoteListen.framework in Frameworks */ = {isa = PBXBuildFile; fileRef = 67AE027971F834349C29A1AE /* Pods_HatnoteListen.framework */; };
		E55F954DA836C9FDE0B98E74 /* Pods_HatnoteListenTests.framework in Frameworks */ = {isa = PBXBuildFile; fileRef = 2AB684EE0E8572B84067568D /* Pods_HatnoteListenTests.framework */; };
		ED075D1E18D7E0F900581187 /* About.storyboard in Resources */ = {isa = PBXBuildFile; fileRef = ED075D1D18D7E0F900581187 /* About.storyboard */; };
		ED075D2118D7E10100581187 /* HATAboutViewController.m in Sources */ = {isa = PBXBuildFile; fileRef = ED075D2018D7E10100581187 /* HATAboutViewController.m */; };
		ED075D2618D7EDAC00581187 /* NSString+Util.m in Sources */ = {isa = PBXBuildFile; fileRef = ED075D2518D7EDAC00581187 /* NSString+Util.m */; };
		ED2E1F6E194301B40054229F /* CGVectorUtils.m in Sources */ = {isa = PBXBuildFile; fileRef = ED2E1F6D194301B40054229F /* CGVectorUtils.m */; };
		ED36591C18E767AF0071140A /* CoreMotion.framework in Frameworks */ = {isa = PBXBuildFile; fileRef = ED36591B18E767AF0071140A /* CoreMotion.framework */; };
		ED3C834218E12B100018190A /* UIColor+Theme.m in Sources */ = {isa = PBXBuildFile; fileRef = ED3C834118E12B100018190A /* UIColor+Theme.m */; };
		ED3E7A5818DBE29600CADCCC /* about.txt in Resources */ = {isa = PBXBuildFile; fileRef = ED3E7A5718DBE29600CADCCC /* about.txt */; };
		ED3E7A5B18DBEA4800CADCCC /* HATHorizontalPanGestureRecognizer.m in Sources */ = {isa = PBXBuildFile; fileRef = ED3E7A5A18DBEA4800CADCCC /* HATHorizontalPanGestureRecognizer.m */; };
		ED536D4318D67B2400A5827C /* HATWikipediaLanguage.m in Sources */ = {isa = PBXBuildFile; fileRef = ED536D4218D67B2400A5827C /* HATWikipediaLanguage.m */; };
		ED5A04A118CEA71C0068D325 /* HATSettingsViewController.m in Sources */ = {isa = PBXBuildFile; fileRef = ED5A04A018CEA71C0068D325 /* HATSettingsViewController.m */; };
		ED5A04A418CEA87F0068D325 /* NSArray+FunctionalHelper.m in Sources */ = {isa = PBXBuildFile; fileRef = ED5A04A318CEA87F0068D325 /* NSArray+FunctionalHelper.m */; settings = {COMPILER_FLAGS = "-fno-objc-arc"; }; };
		ED5A04A718CEB5CB0068D325 /* HATSettings.m in Sources */ = {isa = PBXBuildFile; fileRef = ED5A04A618CEB5CB0068D325 /* HATSettings.m */; };
		ED5B867118BACA6500932430 /* Foundation.framework in Frameworks */ = {isa = PBXBuildFile; fileRef = ED5B867018BACA6500932430 /* Foundation.framework */; };
		ED5B867318BACA6500932430 /* CoreGraphics.framework in Frameworks */ = {isa = PBXBuildFile; fileRef = ED5B867218BACA6500932430 /* CoreGraphics.framework */; };
		ED5B867518BACA6500932430 /* UIKit.framework in Frameworks */ = {isa = PBXBuildFile; fileRef = ED5B867418BACA6500932430 /* UIKit.framework */; };
		ED5B867B18BACA6500932430 /* InfoPlist.strings in Resources */ = {isa = PBXBuildFile; fileRef = ED5B867918BACA6500932430 /* InfoPlist.strings */; };
		ED5B867D18BACA6500932430 /* main.m in Sources */ = {isa = PBXBuildFile; fileRef = ED5B867C18BACA6500932430 /* main.m */; };
		ED5B868118BACA6500932430 /* HATAppDelegate.m in Sources */ = {isa = PBXBuildFile; fileRef = ED5B868018BACA6500932430 /* HATAppDelegate.m */; };
		ED5B868418BACA6500932430 /* Main.storyboard in Resources */ = {isa = PBXBuildFile; fileRef = ED5B868218BACA6500932430 /* Main.storyboard */; };
		ED5B868718BACA6500932430 /* HATViewController.m in Sources */ = {isa = PBXBuildFile; fileRef = ED5B868618BACA6500932430 /* HATViewController.m */; };
		ED5B868918BACA6500932430 /* Images.xcassets in Resources */ = {isa = PBXBuildFile; fileRef = ED5B868818BACA6500932430 /* Images.xcassets */; };
		ED5B869018BACA6600932430 /* XCTest.framework in Frameworks */ = {isa = PBXBuildFile; fileRef = ED5B868F18BACA6600932430 /* XCTest.framework */; };
		ED5B869118BACA6600932430 /* Foundation.framework in Frameworks */ = {isa = PBXBuildFile; fileRef = ED5B867018BACA6500932430 /* Foundation.framework */; };
		ED5B869218BACA6600932430 /* UIKit.framework in Frameworks */ = {isa = PBXBuildFile; fileRef = ED5B867418BACA6500932430 /* UIKit.framework */; };
		ED5B869A18BACA6600932430 /* InfoPlist.strings in Resources */ = {isa = PBXBuildFile; fileRef = ED5B869818BACA6600932430 /* InfoPlist.strings */; };
		ED5B869C18BACA6600932430 /* HatnoteListenTests.m in Sources */ = {isa = PBXBuildFile; fileRef = ED5B869B18BACA6600932430 /* HatnoteListenTests.m */; };
		ED755D3618BB065500E7AC88 /* HATWikipediaViewController.m in Sources */ = {isa = PBXBuildFile; fileRef = ED755D3518BB065500E7AC88 /* HATWikipediaViewController.m */; };
		ED755DAC18BB084600E7AC88 /* swell2.mp3 in Resources */ = {isa = PBXBuildFile; fileRef = ED755D7318BB084600E7AC88 /* swell2.mp3 */; };
		ED755DAD18BB084600E7AC88 /* swell3.mp3 in Resources */ = {isa = PBXBuildFile; fileRef = ED755D7418BB084600E7AC88 /* swell3.mp3 */; };
		ED764676193FF7B20005751B /* CALayer+Util.m in Sources */ = {isa = PBXBuildFile; fileRef = ED764675193FF7B20005751B /* CALayer+Util.m */; };
		ED7BB69718CCD0B400ED30F2 /* swell1.mp3 in Resources */ = {isa = PBXBuildFile; fileRef = ED755D7218BB084600E7AC88 /* swell1.mp3 */; };
		ED9182C718C4163E003D91A0 /* cel001.mp3 in Resources */ = {isa = PBXBuildFile; fileRef = ED9182AC18C4163E003D91A0 /* cel001.mp3 */; };
		ED9182C818C4163E003D91A0 /* cel002.mp3 in Resources */ = {isa = PBXBuildFile; fileRef = ED9182AD18C4163E003D91A0 /* cel002.mp3 */; };
		ED9182C918C4163E003D91A0 /* cel003.mp3 in Resources */ = {isa = PBXBuildFile; fileRef = ED9182AE18C4163E003D91A0 /* cel003.mp3 */; };
		ED9182CA18C4163E003D91A0 /* cel004.mp3 in Resources */ = {isa = PBXBuildFile; fileRef = ED9182AF18C4163E003D91A0 /* cel004.mp3 */; };
		ED9182CB18C4163E003D91A0 /* cel005.mp3 in Resources */ = {isa = PBXBuildFile; fileRef = ED9182B018C4163E003D91A0 /* cel005.mp3 */; };
		ED9182CC18C4163E003D91A0 /* cel006.mp3 in Resources */ = {isa = PBXBuildFile; fileRef = ED9182B118C4163E003D91A0 /* cel006.mp3 */; };
		ED9182CD18C4163E003D91A0 /* cel007.mp3 in Resources */ = {isa = PBXBuildFile; fileRef = ED9182B218C4163E003D91A0 /* cel007.mp3 */; };
		ED9182CE18C4163E003D91A0 /* cel008.mp3 in Resources */ = {isa = PBXBuildFile; fileRef = ED9182B318C4163E003D91A0 /* cel008.mp3 */; };
		ED9182CF18C4163E003D91A0 /* cel009.mp3 in Resources */ = {isa = PBXBuildFile; fileRef = ED9182B418C4163E003D91A0 /* cel009.mp3 */; };
		ED9182D018C4163E003D91A0 /* cel010.mp3 in Resources */ = {isa = PBXBuildFile; fileRef = ED9182B518C4163E003D91A0 /* cel010.mp3 */; };
		ED9182D118C4163E003D91A0 /* cel011.mp3 in Resources */ = {isa = PBXBuildFile; fileRef = ED9182B618C4163E003D91A0 /* cel011.mp3 */; };
		ED9182D218C4163E003D91A0 /* cel012.mp3 in Resources */ = {isa = PBXBuildFile; fileRef = ED9182B718C4163E003D91A0 /* cel012.mp3 */; };
		ED9182D318C4163E003D91A0 /* cel013.mp3 in Resources */ = {isa = PBXBuildFile; fileRef = ED9182B818C4163E003D91A0 /* cel013.mp3 */; };
		ED9182D418C4163E003D91A0 /* cel014.mp3 in Resources */ = {isa = PBXBuildFile; fileRef = ED9182B918C4163E003D91A0 /* cel014.mp3 */; };
		ED9182D518C4163E003D91A0 /* cel015.mp3 in Resources */ = {isa = PBXBuildFile; fileRef = ED9182BA18C4163E003D91A0 /* cel015.mp3 */; };
		ED9182D618C4163E003D91A0 /* cel016.mp3 in Resources */ = {isa = PBXBuildFile; fileRef = ED9182BB18C4163E003D91A0 /* cel016.mp3 */; };
		ED9182D718C4163E003D91A0 /* cel017.mp3 in Resources */ = {isa = PBXBuildFile; fileRef = ED9182BC18C4163E003D91A0 /* cel017.mp3 */; };
		ED9182D818C4163E003D91A0 /* cel018.mp3 in Resources */ = {isa = PBXBuildFile; fileRef = ED9182BD18C4163E003D91A0 /* cel018.mp3 */; };
		ED9182D918C4163E003D91A0 /* cel019.mp3 in Resources */ = {isa = PBXBuildFile; fileRef = ED9182BE18C4163E003D91A0 /* cel019.mp3 */; };
		ED9182DA18C4163E003D91A0 /* cel020.mp3 in Resources */ = {isa = PBXBuildFile; fileRef = ED9182BF18C4163E003D91A0 /* cel020.mp3 */; };
		ED9182DB18C4163E003D91A0 /* cel021.mp3 in Resources */ = {isa = PBXBuildFile; fileRef = ED9182C018C4163E003D91A0 /* cel021.mp3 */; };
		ED9182DC18C4163E003D91A0 /* cel022.mp3 in Resources */ = {isa = PBXBuildFile; fileRef = ED9182C118C4163E003D91A0 /* cel022.mp3 */; };
		ED9182DD18C4163E003D91A0 /* cel023.mp3 in Resources */ = {isa = PBXBuildFile; fileRef = ED9182C218C4163E003D91A0 /* cel023.mp3 */; };
		ED9182DE18C4163E003D91A0 /* cel024.mp3 in Resources */ = {isa = PBXBuildFile; fileRef = ED9182C318C4163E003D91A0 /* cel024.mp3 */; };
		ED9182DF18C4163E003D91A0 /* cel025.mp3 in Resources */ = {isa = PBXBuildFile; fileRef = ED9182C418C4163E003D91A0 /* cel025.mp3 */; };
		ED9182E018C4163E003D91A0 /* cel026.mp3 in Resources */ = {isa = PBXBuildFile; fileRef = ED9182C518C4163E003D91A0 /* cel026.mp3 */; };
		ED9182E118C4163E003D91A0 /* cel027.mp3 in Resources */ = {isa = PBXBuildFile; fileRef = ED9182C618C4163E003D91A0 /* cel027.mp3 */; };
		ED9182FD18C41648003D91A0 /* clav001.mp3 in Resources */ = {isa = PBXBuildFile; fileRef = ED9182E218C41648003D91A0 /* clav001.mp3 */; };
		ED9182FE18C41648003D91A0 /* clav002.mp3 in Resources */ = {isa = PBXBuildFile; fileRef = ED9182E318C41648003D91A0 /* clav002.mp3 */; };
		ED9182FF18C41648003D91A0 /* clav003.mp3 in Resources */ = {isa = PBXBuildFile; fileRef = ED9182E418C41648003D91A0 /* clav003.mp3 */; };
		ED91830018C41648003D91A0 /* clav004.mp3 in Resources */ = {isa = PBXBuildFile; fileRef = ED9182E518C41648003D91A0 /* clav004.mp3 */; };
		ED91830118C41648003D91A0 /* clav005.mp3 in Resources */ = {isa = PBXBuildFile; fileRef = ED9182E618C41648003D91A0 /* clav005.mp3 */; };
		ED91830218C41648003D91A0 /* clav006.mp3 in Resources */ = {isa = PBXBuildFile; fileRef = ED9182E718C41648003D91A0 /* clav006.mp3 */; };
		ED91830318C41648003D91A0 /* clav007.mp3 in Resources */ = {isa = PBXBuildFile; fileRef = ED9182E818C41648003D91A0 /* clav007.mp3 */; };
		ED91830418C41648003D91A0 /* clav008.mp3 in Resources */ = {isa = PBXBuildFile; fileRef = ED9182E918C41648003D91A0 /* clav008.mp3 */; };
		ED91830518C41648003D91A0 /* clav009.mp3 in Resources */ = {isa = PBXBuildFile; fileRef = ED9182EA18C41648003D91A0 /* clav009.mp3 */; };
		ED91830618C41648003D91A0 /* clav010.mp3 in Resources */ = {isa = PBXBuildFile; fileRef = ED9182EB18C41648003D91A0 /* clav010.mp3 */; };
		ED91830718C41648003D91A0 /* clav011.mp3 in Resources */ = {isa = PBXBuildFile; fileRef = ED9182EC18C41648003D91A0 /* clav011.mp3 */; };
		ED91830818C41648003D91A0 /* clav012.mp3 in Resources */ = {isa = PBXBuildFile; fileRef = ED9182ED18C41648003D91A0 /* clav012.mp3 */; };
		ED91830918C41648003D91A0 /* clav013.mp3 in Resources */ = {isa = PBXBuildFile; fileRef = ED9182EE18C41648003D91A0 /* clav013.mp3 */; };
		ED91830A18C41648003D91A0 /* clav014.mp3 in Resources */ = {isa = PBXBuildFile; fileRef = ED9182EF18C41648003D91A0 /* clav014.mp3 */; };
		ED91830B18C41648003D91A0 /* clav015.mp3 in Resources */ = {isa = PBXBuildFile; fileRef = ED9182F018C41648003D91A0 /* clav015.mp3 */; };
		ED91830C18C41648003D91A0 /* clav016.mp3 in Resources */ = {isa = PBXBuildFile; fileRef = ED9182F118C41648003D91A0 /* clav016.mp3 */; };
		ED91830D18C41648003D91A0 /* clav017.mp3 in Resources */ = {isa = PBXBuildFile; fileRef = ED9182F218C41648003D91A0 /* clav017.mp3 */; };
		ED91830E18C41648003D91A0 /* clav018.mp3 in Resources */ = {isa = PBXBuildFile; fileRef = ED9182F318C41648003D91A0 /* clav018.mp3 */; };
		ED91830F18C41648003D91A0 /* clav019.mp3 in Resources */ = {isa = PBXBuildFile; fileRef = ED9182F418C41648003D91A0 /* clav019.mp3 */; };
		ED91831018C41648003D91A0 /* clav020.mp3 in Resources */ = {isa = PBXBuildFile; fileRef = ED9182F518C41648003D91A0 /* clav020.mp3 */; };
		ED91831118C41648003D91A0 /* clav021.mp3 in Resources */ = {isa = PBXBuildFile; fileRef = ED9182F618C41648003D91A0 /* clav021.mp3 */; };
		ED91831218C41648003D91A0 /* clav022.mp3 in Resources */ = {isa = PBXBuildFile; fileRef = ED9182F718C41648003D91A0 /* clav022.mp3 */; };
		ED91831318C41648003D91A0 /* clav023.mp3 in Resources */ = {isa = PBXBuildFile; fileRef = ED9182F818C41648003D91A0 /* clav023.mp3 */; };
		ED91831418C41648003D91A0 /* clav024.mp3 in Resources */ = {isa = PBXBuildFile; fileRef = ED9182F918C41648003D91A0 /* clav024.mp3 */; };
		ED91831518C41648003D91A0 /* clav025.mp3 in Resources */ = {isa = PBXBuildFile; fileRef = ED9182FA18C41648003D91A0 /* clav025.mp3 */; };
		ED91831618C41648003D91A0 /* clav026.mp3 in Resources */ = {isa = PBXBuildFile; fileRef = ED9182FB18C41648003D91A0 /* clav026.mp3 */; };
		ED91831718C41648003D91A0 /* clav027.mp3 in Resources */ = {isa = PBXBuildFile; fileRef = ED9182FC18C41648003D91A0 /* clav027.mp3 */; };
		ED946AA718BC239700B4EEAF /* HATUpdateView.m in Sources */ = {isa = PBXBuildFile; fileRef = ED946AA618BC239700B4EEAF /* HATUpdateView.m */; };
		ED9D311B18DA72FB0038DD46 /* HATSidePanelController.m in Sources */ = {isa = PBXBuildFile; fileRef = ED9D311A18DA72FB0038DD46 /* HATSidePanelController.m */; };
		EDB7D08218D94A6A0025D63C /* UIDevice+Util.m in Sources */ = {isa = PBXBuildFile; fileRef = EDB7D08118D94A6A0025D63C /* UIDevice+Util.m */; };
		EDCBD04118D51FF800EC2892 /* Settings.storyboard in Resources */ = {isa = PBXBuildFile; fileRef = EDCBD04018D51FF800EC2892 /* Settings.storyboard */; };
		EDCBD04518D5206A00EC2892 /* HATLanguageTableViewCell.m in Sources */ = {isa = PBXBuildFile; fileRef = EDCBD04418D5206A00EC2892 /* HATLanguageTableViewCell.m */; };
		EDCE382918CBC004006C3B6F /* HATContainerView.m in Sources */ = {isa = PBXBuildFile; fileRef = EDCE382818CBC004006C3B6F /* HATContainerView.m */; };
		EDDD564118BEDE8400D7AD6F /* NSObject+Util.m in Sources */ = {isa = PBXBuildFile; fileRef = EDDD564018BEDE8400D7AD6F /* NSObject+Util.m */; };
		EDDD564318BEE7B700D7AD6F /* AVFoundation.framework in Frameworks */ = {isa = PBXBuildFile; fileRef = EDDD564218BEE7B700D7AD6F /* AVFoundation.framework */; };
		EDE5A5AD18DD3E4C0042F5D0 /* tutorial.txt in Resources */ = {isa = PBXBuildFile; fileRef = EDE5A5AB18DD3E4C0042F5D0 /* tutorial.txt */; };
		EDE5A5AE18DD3E4C0042F5D0 /* welcome.txt in Resources */ = {isa = PBXBuildFile; fileRef = EDE5A5AC18DD3E4C0042F5D0 /* welcome.txt */; };
		EDEFBEA318C3F8F6002AE9C6 /* UIColor+Util.m in Sources */ = {isa = PBXBuildFile; fileRef = EDEFBEA218C3F8F6002AE9C6 /* UIColor+Util.m */; };
		EDEFBEA718C3FE1E002AE9C6 /* NSArray+Util.m in Sources */ = {isa = PBXBuildFile; fileRef = EDEFBEA618C3FE1E002AE9C6 /* NSArray+Util.m */; };
		EDF73D45292FE72D00FDD97F /* Launch Screen.storyboard in Resources */ = {isa = PBXBuildFile; fileRef = EDF73D44292FE72D00FDD97F /* Launch Screen.storyboard */; };
/* End PBXBuildFile section */

/* Begin PBXContainerItemProxy section */
		ED5B869318BACA6600932430 /* PBXContainerItemProxy */ = {
			isa = PBXContainerItemProxy;
			containerPortal = ED5B866518BACA6500932430 /* Project object */;
			proxyType = 1;
			remoteGlobalIDString = ED5B866C18BACA6500932430;
			remoteInfo = HatnoteListen;
		};
/* End PBXContainerItemProxy section */

/* Begin PBXFileReference section */
		10D8F3C08706F676941A9712 /* Pods-HatnoteListen.debug.xcconfig */ = {isa = PBXFileReference; includeInIndex = 1; lastKnownFileType = text.xcconfig; name = "Pods-HatnoteListen.debug.xcconfig"; path = "Target Support Files/Pods-HatnoteListen/Pods-HatnoteListen.debug.xcconfig"; sourceTree = "<group>"; };
		22E944306D5E915B63686201 /* Pods-HatnoteListenTests.release.xcconfig */ = {isa = PBXFileReference; includeInIndex = 1; lastKnownFileType = text.xcconfig; name = "Pods-HatnoteListenTests.release.xcconfig"; path = "Target Support Files/Pods-HatnoteListenTests/Pods-HatnoteListenTests.release.xcconfig"; sourceTree = "<group>"; };
		2AB684EE0E8572B84067568D /* Pods_HatnoteListenTests.framework */ = {isa = PBXFileReference; explicitFileType = wrapper.framework; includeInIndex = 0; path = Pods_HatnoteListenTests.framework; sourceTree = BUILT_PRODUCTS_DIR; };
		67AE027971F834349C29A1AE /* Pods_HatnoteListen.framework */ = {isa = PBXFileReference; explicitFileType = wrapper.framework; includeInIndex = 0; path = Pods_HatnoteListen.framework; sourceTree = BUILT_PRODUCTS_DIR; };
		9C7A6BB7B4D9856FDDCADA13 /* Pods-HatnoteListenTests.debug.xcconfig */ = {isa = PBXFileReference; includeInIndex = 1; lastKnownFileType = text.xcconfig; name = "Pods-HatnoteListenTests.debug.xcconfig"; path = "Target Support Files/Pods-HatnoteListenTests/Pods-HatnoteListenTests.debug.xcconfig"; sourceTree = "<group>"; };
		E2B66C90A82CA5EF7089ED32 /* Pods-HatnoteListen.release.xcconfig */ = {isa = PBXFileReference; includeInIndex = 1; lastKnownFileType = text.xcconfig; name = "Pods-HatnoteListen.release.xcconfig"; path = "Target Support Files/Pods-HatnoteListen/Pods-HatnoteListen.release.xcconfig"; sourceTree = "<group>"; };
		ED075D1D18D7E0F900581187 /* About.storyboard */ = {isa = PBXFileReference; fileEncoding = 4; lastKnownFileType = file.storyboard; path = About.storyboard; sourceTree = "<group>"; };
		ED075D1F18D7E10100581187 /* HATAboutViewController.h */ = {isa = PBXFileReference; fileEncoding = 4; lastKnownFileType = sourcecode.c.h; path = HATAboutViewController.h; sourceTree = "<group>"; };
		ED075D2018D7E10100581187 /* HATAboutViewController.m */ = {isa = PBXFileReference; fileEncoding = 4; lastKnownFileType = sourcecode.c.objc; path = HATAboutViewController.m; sourceTree = "<group>"; };
		ED075D2418D7EDAC00581187 /* NSString+Util.h */ = {isa = PBXFileReference; fileEncoding = 4; lastKnownFileType = sourcecode.c.h; path = "NSString+Util.h"; sourceTree = "<group>"; };
		ED075D2518D7EDAC00581187 /* NSString+Util.m */ = {isa = PBXFileReference; fileEncoding = 4; lastKnownFileType = sourcecode.c.objc; path = "NSString+Util.m"; sourceTree = "<group>"; };
		ED2E1F6C194301B40054229F /* CGVectorUtils.h */ = {isa = PBXFileReference; fileEncoding = 4; lastKnownFileType = sourcecode.c.h; path = CGVectorUtils.h; sourceTree = "<group>"; };
		ED2E1F6D194301B40054229F /* CGVectorUtils.m */ = {isa = PBXFileReference; fileEncoding = 4; lastKnownFileType = sourcecode.c.objc; path = CGVectorUtils.m; sourceTree = "<group>"; };
		ED36591B18E767AF0071140A /* CoreMotion.framework */ = {isa = PBXFileReference; lastKnownFileType = wrapper.framework; name = CoreMotion.framework; path = System/Library/Frameworks/CoreMotion.framework; sourceTree = SDKROOT; };
		ED3C834018E12B100018190A /* UIColor+Theme.h */ = {isa = PBXFileReference; fileEncoding = 4; lastKnownFileType = sourcecode.c.h; path = "UIColor+Theme.h"; sourceTree = "<group>"; };
		ED3C834118E12B100018190A /* UIColor+Theme.m */ = {isa = PBXFileReference; fileEncoding = 4; lastKnownFileType = sourcecode.c.objc; path = "UIColor+Theme.m"; sourceTree = "<group>"; };
		ED3E7A5718DBE29600CADCCC /* about.txt */ = {isa = PBXFileReference; fileEncoding = 4; lastKnownFileType = text; path = about.txt; sourceTree = "<group>"; };
		ED3E7A5918DBEA4800CADCCC /* HATHorizontalPanGestureRecognizer.h */ = {isa = PBXFileReference; fileEncoding = 4; lastKnownFileType = sourcecode.c.h; path = HATHorizontalPanGestureRecognizer.h; sourceTree = "<group>"; };
		ED3E7A5A18DBEA4800CADCCC /* HATHorizontalPanGestureRecognizer.m */ = {isa = PBXFileReference; fileEncoding = 4; lastKnownFileType = sourcecode.c.objc; path = HATHorizontalPanGestureRecognizer.m; sourceTree = "<group>"; };
		ED536D4118D67B2400A5827C /* HATWikipediaLanguage.h */ = {isa = PBXFileReference; fileEncoding = 4; lastKnownFileType = sourcecode.c.h; path = HATWikipediaLanguage.h; sourceTree = "<group>"; };
		ED536D4218D67B2400A5827C /* HATWikipediaLanguage.m */ = {isa = PBXFileReference; fileEncoding = 4; lastKnownFileType = sourcecode.c.objc; path = HATWikipediaLanguage.m; sourceTree = "<group>"; };
		ED5A049F18CEA71C0068D325 /* HATSettingsViewController.h */ = {isa = PBXFileReference; fileEncoding = 4; lastKnownFileType = sourcecode.c.h; path = HATSettingsViewController.h; sourceTree = "<group>"; };
		ED5A04A018CEA71C0068D325 /* HATSettingsViewController.m */ = {isa = PBXFileReference; fileEncoding = 4; lastKnownFileType = sourcecode.c.objc; path = HATSettingsViewController.m; sourceTree = "<group>"; };
		ED5A04A218CEA87F0068D325 /* NSArray+FunctionalHelper.h */ = {isa = PBXFileReference; fileEncoding = 4; lastKnownFileType = sourcecode.c.h; name = "NSArray+FunctionalHelper.h"; path = "NSArray-FunctionalHelper/NSArray+FunctionalHelper.h"; sourceTree = SOURCE_ROOT; };
		ED5A04A318CEA87F0068D325 /* NSArray+FunctionalHelper.m */ = {isa = PBXFileReference; fileEncoding = 4; lastKnownFileType = sourcecode.c.objc; name = "NSArray+FunctionalHelper.m"; path = "NSArray-FunctionalHelper/NSArray+FunctionalHelper.m"; sourceTree = SOURCE_ROOT; };
		ED5A04A518CEB5CB0068D325 /* HATSettings.h */ = {isa = PBXFileReference; fileEncoding = 4; lastKnownFileType = sourcecode.c.h; path = HATSettings.h; sourceTree = "<group>"; };
		ED5A04A618CEB5CB0068D325 /* HATSettings.m */ = {isa = PBXFileReference; fileEncoding = 4; lastKnownFileType = sourcecode.c.objc; path = HATSettings.m; sourceTree = "<group>"; };
		ED5B866D18BACA6500932430 /* HatnoteListen.app */ = {isa = PBXFileReference; explicitFileType = wrapper.application; includeInIndex = 0; path = HatnoteListen.app; sourceTree = BUILT_PRODUCTS_DIR; };
		ED5B867018BACA6500932430 /* Foundation.framework */ = {isa = PBXFileReference; lastKnownFileType = wrapper.framework; name = Foundation.framework; path = System/Library/Frameworks/Foundation.framework; sourceTree = SDKROOT; };
		ED5B867218BACA6500932430 /* CoreGraphics.framework */ = {isa = PBXFileReference; lastKnownFileType = wrapper.framework; name = CoreGraphics.framework; path = System/Library/Frameworks/CoreGraphics.framework; sourceTree = SDKROOT; };
		ED5B867418BACA6500932430 /* UIKit.framework */ = {isa = PBXFileReference; lastKnownFileType = wrapper.framework; name = UIKit.framework; path = System/Library/Frameworks/UIKit.framework; sourceTree = SDKROOT; };
		ED5B867818BACA6500932430 /* HatnoteListen-Info.plist */ = {isa = PBXFileReference; lastKnownFileType = text.plist.xml; path = "HatnoteListen-Info.plist"; sourceTree = "<group>"; };
		ED5B867A18BACA6500932430 /* en */ = {isa = PBXFileReference; lastKnownFileType = text.plist.strings; name = en; path = en.lproj/InfoPlist.strings; sourceTree = "<group>"; };
		ED5B867C18BACA6500932430 /* main.m */ = {isa = PBXFileReference; lastKnownFileType = sourcecode.c.objc; path = main.m; sourceTree = "<group>"; };
		ED5B867E18BACA6500932430 /* HatnoteListen-Prefix.pch */ = {isa = PBXFileReference; lastKnownFileType = sourcecode.c.h; path = "HatnoteListen-Prefix.pch"; sourceTree = "<group>"; };
		ED5B867F18BACA6500932430 /* HATAppDelegate.h */ = {isa = PBXFileReference; lastKnownFileType = sourcecode.c.h; path = HATAppDelegate.h; sourceTree = "<group>"; };
		ED5B868018BACA6500932430 /* HATAppDelegate.m */ = {isa = PBXFileReference; lastKnownFileType = sourcecode.c.objc; path = HATAppDelegate.m; sourceTree = "<group>"; };
		ED5B868318BACA6500932430 /* Base */ = {isa = PBXFileReference; lastKnownFileType = file.storyboard; name = Base; path = Base.lproj/Main.storyboard; sourceTree = "<group>"; };
		ED5B868518BACA6500932430 /* HATViewController.h */ = {isa = PBXFileReference; lastKnownFileType = sourcecode.c.h; path = HATViewController.h; sourceTree = "<group>"; };
		ED5B868618BACA6500932430 /* HATViewController.m */ = {isa = PBXFileReference; lastKnownFileType = sourcecode.c.objc; path = HATViewController.m; sourceTree = "<group>"; };
		ED5B868818BACA6500932430 /* Images.xcassets */ = {isa = PBXFileReference; lastKnownFileType = folder.assetcatalog; path = Images.xcassets; sourceTree = "<group>"; };
		ED5B868E18BACA6600932430 /* HatnoteListenTests.xctest */ = {isa = PBXFileReference; explicitFileType = wrapper.cfbundle; includeInIndex = 0; path = HatnoteListenTests.xctest; sourceTree = BUILT_PRODUCTS_DIR; };
		ED5B868F18BACA6600932430 /* XCTest.framework */ = {isa = PBXFileReference; lastKnownFileType = wrapper.framework; name = XCTest.framework; path = Library/Frameworks/XCTest.framework; sourceTree = DEVELOPER_DIR; };
		ED5B869718BACA6600932430 /* HatnoteListenTests-Info.plist */ = {isa = PBXFileReference; lastKnownFileType = text.plist.xml; path = "HatnoteListenTests-Info.plist"; sourceTree = "<group>"; };
		ED5B869918BACA6600932430 /* en */ = {isa = PBXFileReference; lastKnownFileType = text.plist.strings; name = en; path = en.lproj/InfoPlist.strings; sourceTree = "<group>"; };
		ED5B869B18BACA6600932430 /* HatnoteListenTests.m */ = {isa = PBXFileReference; lastKnownFileType = sourcecode.c.objc; path = HatnoteListenTests.m; sourceTree = "<group>"; };
		ED755D3418BB065500E7AC88 /* HATWikipediaViewController.h */ = {isa = PBXFileReference; fileEncoding = 4; lastKnownFileType = sourcecode.c.h; path = HATWikipediaViewController.h; sourceTree = "<group>"; };
		ED755D3518BB065500E7AC88 /* HATWikipediaViewController.m */ = {isa = PBXFileReference; fileEncoding = 4; lastKnownFileType = sourcecode.c.objc; path = HATWikipediaViewController.m; sourceTree = "<group>"; };
		ED755D3718BB071A00E7AC88 /* AudioToolbox.framework */ = {isa = PBXFileReference; lastKnownFileType = wrapper.framework; name = AudioToolbox.framework; path = System/Library/Frameworks/AudioToolbox.framework; sourceTree = SDKROOT; };
		ED755D7218BB084600E7AC88 /* swell1.mp3 */ = {isa = PBXFileReference; lastKnownFileType = audio.mp3; path = swell1.mp3; sourceTree = "<group>"; };
		ED755D7318BB084600E7AC88 /* swell2.mp3 */ = {isa = PBXFileReference; lastKnownFileType = audio.mp3; path = swell2.mp3; sourceTree = "<group>"; };
		ED755D7418BB084600E7AC88 /* swell3.mp3 */ = {isa = PBXFileReference; lastKnownFileType = audio.mp3; path = swell3.mp3; sourceTree = "<group>"; };
		ED764674193FF7B20005751B /* CALayer+Util.h */ = {isa = PBXFileReference; fileEncoding = 4; lastKnownFileType = sourcecode.c.h; path = "CALayer+Util.h"; sourceTree = "<group>"; };
		ED764675193FF7B20005751B /* CALayer+Util.m */ = {isa = PBXFileReference; fileEncoding = 4; lastKnownFileType = sourcecode.c.objc; path = "CALayer+Util.m"; sourceTree = "<group>"; };
		ED9182AC18C4163E003D91A0 /* cel001.mp3 */ = {isa = PBXFileReference; lastKnownFileType = audio.mp3; path = cel001.mp3; sourceTree = "<group>"; };
		ED9182AD18C4163E003D91A0 /* cel002.mp3 */ = {isa = PBXFileReference; lastKnownFileType = audio.mp3; path = cel002.mp3; sourceTree = "<group>"; };
		ED9182AE18C4163E003D91A0 /* cel003.mp3 */ = {isa = PBXFileReference; lastKnownFileType = audio.mp3; path = cel003.mp3; sourceTree = "<group>"; };
		ED9182AF18C4163E003D91A0 /* cel004.mp3 */ = {isa = PBXFileReference; lastKnownFileType = audio.mp3; path = cel004.mp3; sourceTree = "<group>"; };
		ED9182B018C4163E003D91A0 /* cel005.mp3 */ = {isa = PBXFileReference; lastKnownFileType = audio.mp3; path = cel005.mp3; sourceTree = "<group>"; };
		ED9182B118C4163E003D91A0 /* cel006.mp3 */ = {isa = PBXFileReference; lastKnownFileType = audio.mp3; path = cel006.mp3; sourceTree = "<group>"; };
		ED9182B218C4163E003D91A0 /* cel007.mp3 */ = {isa = PBXFileReference; lastKnownFileType = audio.mp3; path = cel007.mp3; sourceTree = "<group>"; };
		ED9182B318C4163E003D91A0 /* cel008.mp3 */ = {isa = PBXFileReference; lastKnownFileType = audio.mp3; path = cel008.mp3; sourceTree = "<group>"; };
		ED9182B418C4163E003D91A0 /* cel009.mp3 */ = {isa = PBXFileReference; lastKnownFileType = audio.mp3; path = cel009.mp3; sourceTree = "<group>"; };
		ED9182B518C4163E003D91A0 /* cel010.mp3 */ = {isa = PBXFileReference; lastKnownFileType = audio.mp3; path = cel010.mp3; sourceTree = "<group>"; };
		ED9182B618C4163E003D91A0 /* cel011.mp3 */ = {isa = PBXFileReference; lastKnownFileType = audio.mp3; path = cel011.mp3; sourceTree = "<group>"; };
		ED9182B718C4163E003D91A0 /* cel012.mp3 */ = {isa = PBXFileReference; lastKnownFileType = audio.mp3; path = cel012.mp3; sourceTree = "<group>"; };
		ED9182B818C4163E003D91A0 /* cel013.mp3 */ = {isa = PBXFileReference; lastKnownFileType = audio.mp3; path = cel013.mp3; sourceTree = "<group>"; };
		ED9182B918C4163E003D91A0 /* cel014.mp3 */ = {isa = PBXFileReference; lastKnownFileType = audio.mp3; path = cel014.mp3; sourceTree = "<group>"; };
		ED9182BA18C4163E003D91A0 /* cel015.mp3 */ = {isa = PBXFileReference; lastKnownFileType = audio.mp3; path = cel015.mp3; sourceTree = "<group>"; };
		ED9182BB18C4163E003D91A0 /* cel016.mp3 */ = {isa = PBXFileReference; lastKnownFileType = audio.mp3; path = cel016.mp3; sourceTree = "<group>"; };
		ED9182BC18C4163E003D91A0 /* cel017.mp3 */ = {isa = PBXFileReference; lastKnownFileType = audio.mp3; path = cel017.mp3; sourceTree = "<group>"; };
		ED9182BD18C4163E003D91A0 /* cel018.mp3 */ = {isa = PBXFileReference; lastKnownFileType = audio.mp3; path = cel018.mp3; sourceTree = "<group>"; };
		ED9182BE18C4163E003D91A0 /* cel019.mp3 */ = {isa = PBXFileReference; lastKnownFileType = audio.mp3; path = cel019.mp3; sourceTree = "<group>"; };
		ED9182BF18C4163E003D91A0 /* cel020.mp3 */ = {isa = PBXFileReference; lastKnownFileType = audio.mp3; path = cel020.mp3; sourceTree = "<group>"; };
		ED9182C018C4163E003D91A0 /* cel021.mp3 */ = {isa = PBXFileReference; lastKnownFileType = audio.mp3; path = cel021.mp3; sourceTree = "<group>"; };
		ED9182C118C4163E003D91A0 /* cel022.mp3 */ = {isa = PBXFileReference; lastKnownFileType = audio.mp3; path = cel022.mp3; sourceTree = "<group>"; };
		ED9182C218C4163E003D91A0 /* cel023.mp3 */ = {isa = PBXFileReference; lastKnownFileType = audio.mp3; path = cel023.mp3; sourceTree = "<group>"; };
		ED9182C318C4163E003D91A0 /* cel024.mp3 */ = {isa = PBXFileReference; lastKnownFileType = audio.mp3; path = cel024.mp3; sourceTree = "<group>"; };
		ED9182C418C4163E003D91A0 /* cel025.mp3 */ = {isa = PBXFileReference; lastKnownFileType = audio.mp3; path = cel025.mp3; sourceTree = "<group>"; };
		ED9182C518C4163E003D91A0 /* cel026.mp3 */ = {isa = PBXFileReference; lastKnownFileType = audio.mp3; path = cel026.mp3; sourceTree = "<group>"; };
		ED9182C618C4163E003D91A0 /* cel027.mp3 */ = {isa = PBXFileReference; lastKnownFileType = audio.mp3; path = cel027.mp3; sourceTree = "<group>"; };
		ED9182E218C41648003D91A0 /* clav001.mp3 */ = {isa = PBXFileReference; lastKnownFileType = audio.mp3; path = clav001.mp3; sourceTree = "<group>"; };
		ED9182E318C41648003D91A0 /* clav002.mp3 */ = {isa = PBXFileReference; lastKnownFileType = audio.mp3; path = clav002.mp3; sourceTree = "<group>"; };
		ED9182E418C41648003D91A0 /* clav003.mp3 */ = {isa = PBXFileReference; lastKnownFileType = audio.mp3; path = clav003.mp3; sourceTree = "<group>"; };
		ED9182E518C41648003D91A0 /* clav004.mp3 */ = {isa = PBXFileReference; lastKnownFileType = audio.mp3; path = clav004.mp3; sourceTree = "<group>"; };
		ED9182E618C41648003D91A0 /* clav005.mp3 */ = {isa = PBXFileReference; lastKnownFileType = audio.mp3; path = clav005.mp3; sourceTree = "<group>"; };
		ED9182E718C41648003D91A0 /* clav006.mp3 */ = {isa = PBXFileReference; lastKnownFileType = audio.mp3; path = clav006.mp3; sourceTree = "<group>"; };
		ED9182E818C41648003D91A0 /* clav007.mp3 */ = {isa = PBXFileReference; lastKnownFileType = audio.mp3; path = clav007.mp3; sourceTree = "<group>"; };
		ED9182E918C41648003D91A0 /* clav008.mp3 */ = {isa = PBXFileReference; lastKnownFileType = audio.mp3; path = clav008.mp3; sourceTree = "<group>"; };
		ED9182EA18C41648003D91A0 /* clav009.mp3 */ = {isa = PBXFileReference; lastKnownFileType = audio.mp3; path = clav009.mp3; sourceTree = "<group>"; };
		ED9182EB18C41648003D91A0 /* clav010.mp3 */ = {isa = PBXFileReference; lastKnownFileType = audio.mp3; path = clav010.mp3; sourceTree = "<group>"; };
		ED9182EC18C41648003D91A0 /* clav011.mp3 */ = {isa = PBXFileReference; lastKnownFileType = audio.mp3; path = clav011.mp3; sourceTree = "<group>"; };
		ED9182ED18C41648003D91A0 /* clav012.mp3 */ = {isa = PBXFileReference; lastKnownFileType = audio.mp3; path = clav012.mp3; sourceTree = "<group>"; };
		ED9182EE18C41648003D91A0 /* clav013.mp3 */ = {isa = PBXFileReference; lastKnownFileType = audio.mp3; path = clav013.mp3; sourceTree = "<group>"; };
		ED9182EF18C41648003D91A0 /* clav014.mp3 */ = {isa = PBXFileReference; lastKnownFileType = audio.mp3; path = clav014.mp3; sourceTree = "<group>"; };
		ED9182F018C41648003D91A0 /* clav015.mp3 */ = {isa = PBXFileReference; lastKnownFileType = audio.mp3; path = clav015.mp3; sourceTree = "<group>"; };
		ED9182F118C41648003D91A0 /* clav016.mp3 */ = {isa = PBXFileReference; lastKnownFileType = audio.mp3; path = clav016.mp3; sourceTree = "<group>"; };
		ED9182F218C41648003D91A0 /* clav017.mp3 */ = {isa = PBXFileReference; lastKnownFileType = audio.mp3; path = clav017.mp3; sourceTree = "<group>"; };
		ED9182F318C41648003D91A0 /* clav018.mp3 */ = {isa = PBXFileReference; lastKnownFileType = audio.mp3; path = clav018.mp3; sourceTree = "<group>"; };
		ED9182F418C41648003D91A0 /* clav019.mp3 */ = {isa = PBXFileReference; lastKnownFileType = audio.mp3; path = clav019.mp3; sourceTree = "<group>"; };
		ED9182F518C41648003D91A0 /* clav020.mp3 */ = {isa = PBXFileReference; lastKnownFileType = audio.mp3; path = clav020.mp3; sourceTree = "<group>"; };
		ED9182F618C41648003D91A0 /* clav021.mp3 */ = {isa = PBXFileReference; lastKnownFileType = audio.mp3; path = clav021.mp3; sourceTree = "<group>"; };
		ED9182F718C41648003D91A0 /* clav022.mp3 */ = {isa = PBXFileReference; lastKnownFileType = audio.mp3; path = clav022.mp3; sourceTree = "<group>"; };
		ED9182F818C41648003D91A0 /* clav023.mp3 */ = {isa = PBXFileReference; lastKnownFileType = audio.mp3; path = clav023.mp3; sourceTree = "<group>"; };
		ED9182F918C41648003D91A0 /* clav024.mp3 */ = {isa = PBXFileReference; lastKnownFileType = audio.mp3; path = clav024.mp3; sourceTree = "<group>"; };
		ED9182FA18C41648003D91A0 /* clav025.mp3 */ = {isa = PBXFileReference; lastKnownFileType = audio.mp3; path = clav025.mp3; sourceTree = "<group>"; };
		ED9182FB18C41648003D91A0 /* clav026.mp3 */ = {isa = PBXFileReference; lastKnownFileType = audio.mp3; path = clav026.mp3; sourceTree = "<group>"; };
		ED9182FC18C41648003D91A0 /* clav027.mp3 */ = {isa = PBXFileReference; lastKnownFileType = audio.mp3; path = clav027.mp3; sourceTree = "<group>"; };
		ED946AA518BC239700B4EEAF /* HATUpdateView.h */ = {isa = PBXFileReference; fileEncoding = 4; lastKnownFileType = sourcecode.c.h; path = HATUpdateView.h; sourceTree = "<group>"; };
		ED946AA618BC239700B4EEAF /* HATUpdateView.m */ = {isa = PBXFileReference; fileEncoding = 4; lastKnownFileType = sourcecode.c.objc; path = HATUpdateView.m; sourceTree = "<group>"; };
		ED9D311918DA72FB0038DD46 /* HATSidePanelController.h */ = {isa = PBXFileReference; fileEncoding = 4; lastKnownFileType = sourcecode.c.h; path = HATSidePanelController.h; sourceTree = "<group>"; };
		ED9D311A18DA72FB0038DD46 /* HATSidePanelController.m */ = {isa = PBXFileReference; fileEncoding = 4; lastKnownFileType = sourcecode.c.objc; path = HATSidePanelController.m; sourceTree = "<group>"; };
		EDB7D08018D94A6A0025D63C /* UIDevice+Util.h */ = {isa = PBXFileReference; fileEncoding = 4; lastKnownFileType = sourcecode.c.h; path = "UIDevice+Util.h"; sourceTree = "<group>"; };
		EDB7D08118D94A6A0025D63C /* UIDevice+Util.m */ = {isa = PBXFileReference; fileEncoding = 4; lastKnownFileType = sourcecode.c.objc; path = "UIDevice+Util.m"; sourceTree = "<group>"; };
		EDCBD04018D51FF800EC2892 /* Settings.storyboard */ = {isa = PBXFileReference; fileEncoding = 4; lastKnownFileType = file.storyboard; path = Settings.storyboard; sourceTree = "<group>"; };
		EDCBD04318D5206A00EC2892 /* HATLanguageTableViewCell.h */ = {isa = PBXFileReference; fileEncoding = 4; lastKnownFileType = sourcecode.c.h; path = HATLanguageTableViewCell.h; sourceTree = "<group>"; };
		EDCBD04418D5206A00EC2892 /* HATLanguageTableViewCell.m */ = {isa = PBXFileReference; fileEncoding = 4; lastKnownFileType = sourcecode.c.objc; path = HATLanguageTableViewCell.m; sourceTree = "<group>"; };
		EDCE382718CBC004006C3B6F /* HATContainerView.h */ = {isa = PBXFileReference; fileEncoding = 4; lastKnownFileType = sourcecode.c.h; path = HATContainerView.h; sourceTree = "<group>"; };
		EDCE382818CBC004006C3B6F /* HATContainerView.m */ = {isa = PBXFileReference; fileEncoding = 4; lastKnownFileType = sourcecode.c.objc; path = HATContainerView.m; sourceTree = "<group>"; };
		EDDD563F18BEDE8400D7AD6F /* NSObject+Util.h */ = {isa = PBXFileReference; fileEncoding = 4; lastKnownFileType = sourcecode.c.h; path = "NSObject+Util.h"; sourceTree = "<group>"; };
		EDDD564018BEDE8400D7AD6F /* NSObject+Util.m */ = {isa = PBXFileReference; fileEncoding = 4; lastKnownFileType = sourcecode.c.objc; path = "NSObject+Util.m"; sourceTree = "<group>"; };
		EDDD564218BEE7B700D7AD6F /* AVFoundation.framework */ = {isa = PBXFileReference; lastKnownFileType = wrapper.framework; name = AVFoundation.framework; path = System/Library/Frameworks/AVFoundation.framework; sourceTree = SDKROOT; };
		EDE5A5AB18DD3E4C0042F5D0 /* tutorial.txt */ = {isa = PBXFileReference; fileEncoding = 4; lastKnownFileType = text; path = tutorial.txt; sourceTree = "<group>"; };
		EDE5A5AC18DD3E4C0042F5D0 /* welcome.txt */ = {isa = PBXFileReference; fileEncoding = 4; lastKnownFileType = text; path = welcome.txt; sourceTree = "<group>"; };
		EDEFBEA118C3F8F6002AE9C6 /* UIColor+Util.h */ = {isa = PBXFileReference; fileEncoding = 4; lastKnownFileType = sourcecode.c.h; path = "UIColor+Util.h"; sourceTree = "<group>"; };
		EDEFBEA218C3F8F6002AE9C6 /* UIColor+Util.m */ = {isa = PBXFileReference; fileEncoding = 4; lastKnownFileType = sourcecode.c.objc; path = "UIColor+Util.m"; sourceTree = "<group>"; };
		EDEFBEA518C3FE1E002AE9C6 /* NSArray+Util.h */ = {isa = PBXFileReference; fileEncoding = 4; lastKnownFileType = sourcecode.c.h; path = "NSArray+Util.h"; sourceTree = "<group>"; };
		EDEFBEA618C3FE1E002AE9C6 /* NSArray+Util.m */ = {isa = PBXFileReference; fileEncoding = 4; lastKnownFileType = sourcecode.c.objc; path = "NSArray+Util.m"; sourceTree = "<group>"; };
		EDF73D44292FE72D00FDD97F /* Launch Screen.storyboard */ = {isa = PBXFileReference; fileEncoding = 4; lastKnownFileType = file.storyboard; path = "Launch Screen.storyboard"; sourceTree = "<group>"; };
/* End PBXFileReference section */

/* Begin PBXFrameworksBuildPhase section */
		ED5B866A18BACA6500932430 /* Frameworks */ = {
			isa = PBXFrameworksBuildPhase;
			buildActionMask = 2147483647;
			files = (
				ED36591C18E767AF0071140A /* CoreMotion.framework in Frameworks */,
				EDDD564318BEE7B700D7AD6F /* AVFoundation.framework in Frameworks */,
				ED5B867318BACA6500932430 /* CoreGraphics.framework in Frameworks */,
				ED5B867518BACA6500932430 /* UIKit.framework in Frameworks */,
				ED5B867118BACA6500932430 /* Foundation.framework in Frameworks */,
				1F63983F7DBD32DAD980D712 /* Pods_HatnoteListen.framework in Frameworks */,
			);
			runOnlyForDeploymentPostprocessing = 0;
		};
		ED5B868B18BACA6600932430 /* Frameworks */ = {
			isa = PBXFrameworksBuildPhase;
			buildActionMask = 2147483647;
			files = (
				ED5B869018BACA6600932430 /* XCTest.framework in Frameworks */,
				ED5B869218BACA6600932430 /* UIKit.framework in Frameworks */,
				ED5B869118BACA6600932430 /* Foundation.framework in Frameworks */,
				E55F954DA836C9FDE0B98E74 /* Pods_HatnoteListenTests.framework in Frameworks */,
			);
			runOnlyForDeploymentPostprocessing = 0;
		};
/* End PBXFrameworksBuildPhase section */

/* Begin PBXGroup section */
		269757BD3C49AB6E7C5CE882 /* Pods */ = {
			isa = PBXGroup;
			children = (
				10D8F3C08706F676941A9712 /* Pods-HatnoteListen.debug.xcconfig */,
				E2B66C90A82CA5EF7089ED32 /* Pods-HatnoteListen.release.xcconfig */,
				9C7A6BB7B4D9856FDDCADA13 /* Pods-HatnoteListenTests.debug.xcconfig */,
				22E944306D5E915B63686201 /* Pods-HatnoteListenTests.release.xcconfig */,
			);
			path = Pods;
			sourceTree = "<group>";
		};
		ED075D1A18D7E0AA00581187 /* About */ = {
			isa = PBXGroup;
			children = (
				ED075D1D18D7E0F900581187 /* About.storyboard */,
				ED075D1F18D7E10100581187 /* HATAboutViewController.h */,
				ED075D2018D7E10100581187 /* HATAboutViewController.m */,
			);
			name = About;
			sourceTree = "<group>";
		};
		ED536D4418D67B2C00A5827C /* Models */ = {
			isa = PBXGroup;
			children = (
				ED5A04A518CEB5CB0068D325 /* HATSettings.h */,
				ED5A04A618CEB5CB0068D325 /* HATSettings.m */,
				ED536D4118D67B2400A5827C /* HATWikipediaLanguage.h */,
				ED536D4218D67B2400A5827C /* HATWikipediaLanguage.m */,
			);
			name = Models;
			sourceTree = "<group>";
		};
		ED5B866418BACA6500932430 = {
			isa = PBXGroup;
			children = (
				ED5B867618BACA6500932430 /* HatnoteListen */,
				ED5B869518BACA6600932430 /* HatnoteListenTests */,
				ED5B866F18BACA6500932430 /* Frameworks */,
				ED5B866E18BACA6500932430 /* Products */,
				269757BD3C49AB6E7C5CE882 /* Pods */,
			);
			sourceTree = "<group>";
		};
		ED5B866E18BACA6500932430 /* Products */ = {
			isa = PBXGroup;
			children = (
				ED5B866D18BACA6500932430 /* HatnoteListen.app */,
				ED5B868E18BACA6600932430 /* HatnoteListenTests.xctest */,
			);
			name = Products;
			sourceTree = "<group>";
		};
		ED5B866F18BACA6500932430 /* Frameworks */ = {
			isa = PBXGroup;
			children = (
				ED36591B18E767AF0071140A /* CoreMotion.framework */,
				EDDD564218BEE7B700D7AD6F /* AVFoundation.framework */,
				ED755D3718BB071A00E7AC88 /* AudioToolbox.framework */,
				ED5B867018BACA6500932430 /* Foundation.framework */,
				ED5B867218BACA6500932430 /* CoreGraphics.framework */,
				ED5B867418BACA6500932430 /* UIKit.framework */,
				ED5B868F18BACA6600932430 /* XCTest.framework */,
				67AE027971F834349C29A1AE /* Pods_HatnoteListen.framework */,
				2AB684EE0E8572B84067568D /* Pods_HatnoteListenTests.framework */,
			);
			name = Frameworks;
			sourceTree = "<group>";
		};
		ED5B867618BACA6500932430 /* HatnoteListen */ = {
			isa = PBXGroup;
			children = (
				ED075D1A18D7E0AA00581187 /* About */,
				EDEFBEA418C3F8FF002AE9C6 /* Categories */,
				ED5B867F18BACA6500932430 /* HATAppDelegate.h */,
				ED5B868018BACA6500932430 /* HATAppDelegate.m */,
				EDCE382718CBC004006C3B6F /* HATContainerView.h */,
				EDCE382818CBC004006C3B6F /* HATContainerView.m */,
				ED3E7A5918DBEA4800CADCCC /* HATHorizontalPanGestureRecognizer.h */,
				ED3E7A5A18DBEA4800CADCCC /* HATHorizontalPanGestureRecognizer.m */,
				ED9D311918DA72FB0038DD46 /* HATSidePanelController.h */,
				ED9D311A18DA72FB0038DD46 /* HATSidePanelController.m */,
				ED946AA518BC239700B4EEAF /* HATUpdateView.h */,
				ED946AA618BC239700B4EEAF /* HATUpdateView.m */,
				ED5B868518BACA6500932430 /* HATViewController.h */,
				ED5B868618BACA6500932430 /* HATViewController.m */,
				ED755D3418BB065500E7AC88 /* HATWikipediaViewController.h */,
				ED755D3518BB065500E7AC88 /* HATWikipediaViewController.m */,
				EDDD564418BEED9F00D7AD6F /* Images */,
				ED5B868818BACA6500932430 /* Images.xcassets */,
				EDF73D44292FE72D00FDD97F /* Launch Screen.storyboard */,
				ED5B868218BACA6500932430 /* Main.storyboard */,
				ED536D4418D67B2C00A5827C /* Models */,
				EDCBD04218D5201400EC2892 /* Settings */,
				ED755C4C18BB04BB00E7AC88 /* Sounds */,
				ED5B867718BACA6500932430 /* Supporting Files */,
			);
			path = HatnoteListen;
			sourceTree = "<group>";
		};
		ED5B867718BACA6500932430 /* Supporting Files */ = {
			isa = PBXGroup;
			children = (
				EDE5A5AB18DD3E4C0042F5D0 /* tutorial.txt */,
				EDE5A5AC18DD3E4C0042F5D0 /* welcome.txt */,
				ED3E7A5718DBE29600CADCCC /* about.txt */,
				ED5B867818BACA6500932430 /* HatnoteListen-Info.plist */,
				ED5B867918BACA6500932430 /* InfoPlist.strings */,
				ED5B867C18BACA6500932430 /* main.m */,
				ED5B867E18BACA6500932430 /* HatnoteListen-Prefix.pch */,
			);
			name = "Supporting Files";
			sourceTree = "<group>";
		};
		ED5B869518BACA6600932430 /* HatnoteListenTests */ = {
			isa = PBXGroup;
			children = (
				ED5B869B18BACA6600932430 /* HatnoteListenTests.m */,
				ED5B869618BACA6600932430 /* Supporting Files */,
			);
			path = HatnoteListenTests;
			sourceTree = "<group>";
		};
		ED5B869618BACA6600932430 /* Supporting Files */ = {
			isa = PBXGroup;
			children = (
				ED5B869718BACA6600932430 /* HatnoteListenTests-Info.plist */,
				ED5B869818BACA6600932430 /* InfoPlist.strings */,
			);
			name = "Supporting Files";
			sourceTree = "<group>";
		};
		ED755C4C18BB04BB00E7AC88 /* Sounds */ = {
			isa = PBXGroup;
			children = (
				ED755D3918BB084600E7AC88 /* celesta */,
				ED755D5518BB084600E7AC88 /* clav */,
				ED755D7118BB084600E7AC88 /* swells */,
			);
			name = Sounds;
			sourceTree = "<group>";
		};
		ED755D3918BB084600E7AC88 /* celesta */ = {
			isa = PBXGroup;
			children = (
				ED9182AC18C4163E003D91A0 /* cel001.mp3 */,
				ED9182AD18C4163E003D91A0 /* cel002.mp3 */,
				ED9182AE18C4163E003D91A0 /* cel003.mp3 */,
				ED9182AF18C4163E003D91A0 /* cel004.mp3 */,
				ED9182B018C4163E003D91A0 /* cel005.mp3 */,
				ED9182B118C4163E003D91A0 /* cel006.mp3 */,
				ED9182B218C4163E003D91A0 /* cel007.mp3 */,
				ED9182B318C4163E003D91A0 /* cel008.mp3 */,
				ED9182B418C4163E003D91A0 /* cel009.mp3 */,
				ED9182B518C4163E003D91A0 /* cel010.mp3 */,
				ED9182B618C4163E003D91A0 /* cel011.mp3 */,
				ED9182B718C4163E003D91A0 /* cel012.mp3 */,
				ED9182B818C4163E003D91A0 /* cel013.mp3 */,
				ED9182B918C4163E003D91A0 /* cel014.mp3 */,
				ED9182BA18C4163E003D91A0 /* cel015.mp3 */,
				ED9182BB18C4163E003D91A0 /* cel016.mp3 */,
				ED9182BC18C4163E003D91A0 /* cel017.mp3 */,
				ED9182BD18C4163E003D91A0 /* cel018.mp3 */,
				ED9182BE18C4163E003D91A0 /* cel019.mp3 */,
				ED9182BF18C4163E003D91A0 /* cel020.mp3 */,
				ED9182C018C4163E003D91A0 /* cel021.mp3 */,
				ED9182C118C4163E003D91A0 /* cel022.mp3 */,
				ED9182C218C4163E003D91A0 /* cel023.mp3 */,
				ED9182C318C4163E003D91A0 /* cel024.mp3 */,
				ED9182C418C4163E003D91A0 /* cel025.mp3 */,
				ED9182C518C4163E003D91A0 /* cel026.mp3 */,
				ED9182C618C4163E003D91A0 /* cel027.mp3 */,
			);
			name = celesta;
			path = sounds/celesta;
			sourceTree = "<group>";
		};
		ED755D5518BB084600E7AC88 /* clav */ = {
			isa = PBXGroup;
			children = (
				ED9182E218C41648003D91A0 /* clav001.mp3 */,
				ED9182E318C41648003D91A0 /* clav002.mp3 */,
				ED9182E418C41648003D91A0 /* clav003.mp3 */,
				ED9182E518C41648003D91A0 /* clav004.mp3 */,
				ED9182E618C41648003D91A0 /* clav005.mp3 */,
				ED9182E718C41648003D91A0 /* clav006.mp3 */,
				ED9182E818C41648003D91A0 /* clav007.mp3 */,
				ED9182E918C41648003D91A0 /* clav008.mp3 */,
				ED9182EA18C41648003D91A0 /* clav009.mp3 */,
				ED9182EB18C41648003D91A0 /* clav010.mp3 */,
				ED9182EC18C41648003D91A0 /* clav011.mp3 */,
				ED9182ED18C41648003D91A0 /* clav012.mp3 */,
				ED9182EE18C41648003D91A0 /* clav013.mp3 */,
				ED9182EF18C41648003D91A0 /* clav014.mp3 */,
				ED9182F018C41648003D91A0 /* clav015.mp3 */,
				ED9182F118C41648003D91A0 /* clav016.mp3 */,
				ED9182F218C41648003D91A0 /* clav017.mp3 */,
				ED9182F318C41648003D91A0 /* clav018.mp3 */,
				ED9182F418C41648003D91A0 /* clav019.mp3 */,
				ED9182F518C41648003D91A0 /* clav020.mp3 */,
				ED9182F618C41648003D91A0 /* clav021.mp3 */,
				ED9182F718C41648003D91A0 /* clav022.mp3 */,
				ED9182F818C41648003D91A0 /* clav023.mp3 */,
				ED9182F918C41648003D91A0 /* clav024.mp3 */,
				ED9182FA18C41648003D91A0 /* clav025.mp3 */,
				ED9182FB18C41648003D91A0 /* clav026.mp3 */,
				ED9182FC18C41648003D91A0 /* clav027.mp3 */,
			);
			name = clav;
			path = sounds/clav;
			sourceTree = "<group>";
		};
		ED755D7118BB084600E7AC88 /* swells */ = {
			isa = PBXGroup;
			children = (
				ED755D7218BB084600E7AC88 /* swell1.mp3 */,
				ED755D7318BB084600E7AC88 /* swell2.mp3 */,
				ED755D7418BB084600E7AC88 /* swell3.mp3 */,
			);
			name = swells;
			path = sounds/swells;
			sourceTree = "<group>";
		};
		EDCBD04218D5201400EC2892 /* Settings */ = {
			isa = PBXGroup;
			children = (
				EDCBD04318D5206A00EC2892 /* HATLanguageTableViewCell.h */,
				EDCBD04418D5206A00EC2892 /* HATLanguageTableViewCell.m */,
				ED5A049F18CEA71C0068D325 /* HATSettingsViewController.h */,
				ED5A04A018CEA71C0068D325 /* HATSettingsViewController.m */,
				EDCBD04018D51FF800EC2892 /* Settings.storyboard */,
			);
			name = Settings;
			sourceTree = "<group>";
		};
		EDDD564418BEED9F00D7AD6F /* Images */ = {
			isa = PBXGroup;
			children = (
			);
			name = Images;
			sourceTree = "<group>";
		};
		EDEFBEA418C3F8FF002AE9C6 /* Categories */ = {
			isa = PBXGroup;
			children = (
				ED764674193FF7B20005751B /* CALayer+Util.h */,
				ED764675193FF7B20005751B /* CALayer+Util.m */,
				ED5A04A218CEA87F0068D325 /* NSArray+FunctionalHelper.h */,
				ED5A04A318CEA87F0068D325 /* NSArray+FunctionalHelper.m */,
				EDEFBEA518C3FE1E002AE9C6 /* NSArray+Util.h */,
				EDEFBEA618C3FE1E002AE9C6 /* NSArray+Util.m */,
				EDDD563F18BEDE8400D7AD6F /* NSObject+Util.h */,
				EDDD564018BEDE8400D7AD6F /* NSObject+Util.m */,
				ED075D2418D7EDAC00581187 /* NSString+Util.h */,
				ED075D2518D7EDAC00581187 /* NSString+Util.m */,
				ED3C834018E12B100018190A /* UIColor+Theme.h */,
				ED3C834118E12B100018190A /* UIColor+Theme.m */,
				EDEFBEA118C3F8F6002AE9C6 /* UIColor+Util.h */,
				EDEFBEA218C3F8F6002AE9C6 /* UIColor+Util.m */,
				EDB7D08018D94A6A0025D63C /* UIDevice+Util.h */,
				EDB7D08118D94A6A0025D63C /* UIDevice+Util.m */,
				ED2E1F6C194301B40054229F /* CGVectorUtils.h */,
				ED2E1F6D194301B40054229F /* CGVectorUtils.m */,
			);
			name = Categories;
			sourceTree = "<group>";
		};
/* End PBXGroup section */

/* Begin PBXNativeTarget section */
		ED5B866C18BACA6500932430 /* HatnoteListen */ = {
			isa = PBXNativeTarget;
			buildConfigurationList = ED5B869F18BACA6600932430 /* Build configuration list for PBXNativeTarget "HatnoteListen" */;
			buildPhases = (
				9559B1C80CB31019F5CD47AB /* [CP] Check Pods Manifest.lock */,
				ED5B866918BACA6500932430 /* Sources */,
				ED5B866A18BACA6500932430 /* Frameworks */,
				ED5B866B18BACA6500932430 /* Resources */,
				CC1AF920D987368DCEEED222 /* [CP] Embed Pods Frameworks */,
			);
			buildRules = (
			);
			dependencies = (
			);
			name = HatnoteListen;
			productName = HatnoteListen;
			productReference = ED5B866D18BACA6500932430 /* HatnoteListen.app */;
			productType = "com.apple.product-type.application";
		};
		ED5B868D18BACA6600932430 /* HatnoteListenTests */ = {
			isa = PBXNativeTarget;
			buildConfigurationList = ED5B86A218BACA6600932430 /* Build configuration list for PBXNativeTarget "HatnoteListenTests" */;
			buildPhases = (
				B8DD7A93007C9DAB8B5D586F /* [CP] Check Pods Manifest.lock */,
				ED5B868A18BACA6600932430 /* Sources */,
				ED5B868B18BACA6600932430 /* Frameworks */,
				ED5B868C18BACA6600932430 /* Resources */,
			);
			buildRules = (
			);
			dependencies = (
				ED5B869418BACA6600932430 /* PBXTargetDependency */,
			);
			name = HatnoteListenTests;
			productName = HatnoteListenTests;
			productReference = ED5B868E18BACA6600932430 /* HatnoteListenTests.xctest */;
			productType = "com.apple.product-type.bundle.unit-test";
		};
/* End PBXNativeTarget section */

/* Begin PBXProject section */
		ED5B866518BACA6500932430 /* Project object */ = {
			isa = PBXProject;
			attributes = {
				CLASSPREFIX = HAT;
				LastUpgradeCheck = 0510;
				ORGANIZATIONNAME = "Bryan Oltman";
				TargetAttributes = {
					ED5B866C18BACA6500932430 = {
						DevelopmentTeam = 9422A6P5N6;
						ProvisioningStyle = Automatic;
					};
					ED5B868D18BACA6600932430 = {
						TestTargetID = ED5B866C18BACA6500932430;
					};
				};
			};
			buildConfigurationList = ED5B866818BACA6500932430 /* Build configuration list for PBXProject "HatnoteListen" */;
			compatibilityVersion = "Xcode 3.2";
			developmentRegion = English;
			hasScannedForEncodings = 0;
			knownRegions = (
				English,
				en,
				Base,
			);
			mainGroup = ED5B866418BACA6500932430;
			productRefGroup = ED5B866E18BACA6500932430 /* Products */;
			projectDirPath = "";
			projectRoot = "";
			targets = (
				ED5B866C18BACA6500932430 /* HatnoteListen */,
				ED5B868D18BACA6600932430 /* HatnoteListenTests */,
			);
		};
/* End PBXProject section */

/* Begin PBXResourcesBuildPhase section */
		ED5B866B18BACA6500932430 /* Resources */ = {
			isa = PBXResourcesBuildPhase;
			buildActionMask = 2147483647;
			files = (
				EDE5A5AE18DD3E4C0042F5D0 /* welcome.txt in Resources */,
				ED9182C718C4163E003D91A0 /* cel001.mp3 in Resources */,
				ED5B868918BACA6500932430 /* Images.xcassets in Resources */,
				ED075D1E18D7E0F900581187 /* About.storyboard in Resources */,
				ED9182D618C4163E003D91A0 /* cel016.mp3 in Resources */,
				ED9182D218C4163E003D91A0 /* cel012.mp3 in Resources */,
				EDF73D45292FE72D00FDD97F /* Launch Screen.storyboard in Resources */,
				ED9182D018C4163E003D91A0 /* cel010.mp3 in Resources */,
				ED9182DD18C4163E003D91A0 /* cel023.mp3 in Resources */,
				ED3E7A5818DBE29600CADCCC /* about.txt in Resources */,
				EDCBD04118D51FF800EC2892 /* Settings.storyboard in Resources */,
				ED9182DA18C4163E003D91A0 /* cel020.mp3 in Resources */,
				ED91830318C41648003D91A0 /* clav007.mp3 in Resources */,
				ED9182DC18C4163E003D91A0 /* cel022.mp3 in Resources */,
				ED91831218C41648003D91A0 /* clav022.mp3 in Resources */,
				EDE5A5AD18DD3E4C0042F5D0 /* tutorial.txt in Resources */,
				ED9182E018C4163E003D91A0 /* cel026.mp3 in Resources */,
				ED91830518C41648003D91A0 /* clav009.mp3 in Resources */,
				ED91831518C41648003D91A0 /* clav025.mp3 in Resources */,
				ED9182CE18C4163E003D91A0 /* cel008.mp3 in Resources */,
				ED91831618C41648003D91A0 /* clav026.mp3 in Resources */,
				ED91831018C41648003D91A0 /* clav020.mp3 in Resources */,
				ED9182DB18C4163E003D91A0 /* cel021.mp3 in Resources */,
				ED9182E118C4163E003D91A0 /* cel027.mp3 in Resources */,
				ED91830018C41648003D91A0 /* clav004.mp3 in Resources */,
				ED9182D718C4163E003D91A0 /* cel017.mp3 in Resources */,
				ED9182CA18C4163E003D91A0 /* cel004.mp3 in Resources */,
				ED9182DF18C4163E003D91A0 /* cel025.mp3 in Resources */,
				ED5B867B18BACA6500932430 /* InfoPlist.strings in Resources */,
				ED91830B18C41648003D91A0 /* clav015.mp3 in Resources */,
				ED91830E18C41648003D91A0 /* clav018.mp3 in Resources */,
				ED9182D918C4163E003D91A0 /* cel019.mp3 in Resources */,
				ED9182FD18C41648003D91A0 /* clav001.mp3 in Resources */,
				ED755DAD18BB084600E7AC88 /* swell3.mp3 in Resources */,
				ED9182DE18C4163E003D91A0 /* cel024.mp3 in Resources */,
				ED91830D18C41648003D91A0 /* clav017.mp3 in Resources */,
				ED91830618C41648003D91A0 /* clav010.mp3 in Resources */,
				ED755DAC18BB084600E7AC88 /* swell2.mp3 in Resources */,
				ED91831418C41648003D91A0 /* clav024.mp3 in Resources */,
				ED91831718C41648003D91A0 /* clav027.mp3 in Resources */,
				ED91830A18C41648003D91A0 /* clav014.mp3 in Resources */,
				ED9182C818C4163E003D91A0 /* cel002.mp3 in Resources */,
				ED91831118C41648003D91A0 /* clav021.mp3 in Resources */,
				ED91830718C41648003D91A0 /* clav011.mp3 in Resources */,
				ED91830418C41648003D91A0 /* clav008.mp3 in Resources */,
				ED91830F18C41648003D91A0 /* clav019.mp3 in Resources */,
				ED9182CC18C4163E003D91A0 /* cel006.mp3 in Resources */,
				ED91831318C41648003D91A0 /* clav023.mp3 in Resources */,
				ED9182D118C4163E003D91A0 /* cel011.mp3 in Resources */,
				ED91830118C41648003D91A0 /* clav005.mp3 in Resources */,
				ED9182D318C4163E003D91A0 /* cel013.mp3 in Resources */,
				ED91830918C41648003D91A0 /* clav013.mp3 in Resources */,
				ED9182C918C4163E003D91A0 /* cel003.mp3 in Resources */,
				ED9182D518C4163E003D91A0 /* cel015.mp3 in Resources */,
				ED9182FF18C41648003D91A0 /* clav003.mp3 in Resources */,
				ED91830C18C41648003D91A0 /* clav016.mp3 in Resources */,
				ED9182D418C4163E003D91A0 /* cel014.mp3 in Resources */,
				ED5B868418BACA6500932430 /* Main.storyboard in Resources */,
				ED91830218C41648003D91A0 /* clav006.mp3 in Resources */,
				ED9182CD18C4163E003D91A0 /* cel007.mp3 in Resources */,
				ED9182CF18C4163E003D91A0 /* cel009.mp3 in Resources */,
				ED91830818C41648003D91A0 /* clav012.mp3 in Resources */,
				ED7BB69718CCD0B400ED30F2 /* swell1.mp3 in Resources */,
				ED9182CB18C4163E003D91A0 /* cel005.mp3 in Resources */,
				ED9182D818C4163E003D91A0 /* cel018.mp3 in Resources */,
				ED9182FE18C41648003D91A0 /* clav002.mp3 in Resources */,
			);
			runOnlyForDeploymentPostprocessing = 0;
		};
		ED5B868C18BACA6600932430 /* Resources */ = {
			isa = PBXResourcesBuildPhase;
			buildActionMask = 2147483647;
			files = (
				ED5B869A18BACA6600932430 /* InfoPlist.strings in Resources */,
			);
			runOnlyForDeploymentPostprocessing = 0;
		};
/* End PBXResourcesBuildPhase section */

/* Begin PBXShellScriptBuildPhase section */
		9559B1C80CB31019F5CD47AB /* [CP] Check Pods Manifest.lock */ = {
			isa = PBXShellScriptBuildPhase;
			buildActionMask = 2147483647;
			files = (
			);
			inputFileListPaths = (
			);
			inputPaths = (
				"${PODS_PODFILE_DIR_PATH}/Podfile.lock",
				"${PODS_ROOT}/Manifest.lock",
			);
			name = "[CP] Check Pods Manifest.lock";
			outputFileListPaths = (
			);
			outputPaths = (
				"$(DERIVED_FILE_DIR)/Pods-HatnoteListen-checkManifestLockResult.txt",
			);
			runOnlyForDeploymentPostprocessing = 0;
			shellPath = /bin/sh;
			shellScript = "diff \"${PODS_PODFILE_DIR_PATH}/Podfile.lock\" \"${PODS_ROOT}/Manifest.lock\" > /dev/null\nif [ $? != 0 ] ; then\n    # print error to STDERR\n    echo \"error: The sandbox is not in sync with the Podfile.lock. Run 'pod install' or update your CocoaPods installation.\" >&2\n    exit 1\nfi\n# This output is used by Xcode 'outputs' to avoid re-running this script phase.\necho \"SUCCESS\" > \"${SCRIPT_OUTPUT_FILE_0}\"\n";
			showEnvVarsInLog = 0;
		};
		B8DD7A93007C9DAB8B5D586F /* [CP] Check Pods Manifest.lock */ = {
			isa = PBXShellScriptBuildPhase;
			buildActionMask = 2147483647;
			files = (
			);
			inputFileListPaths = (
			);
			inputPaths = (
				"${PODS_PODFILE_DIR_PATH}/Podfile.lock",
				"${PODS_ROOT}/Manifest.lock",
			);
			name = "[CP] Check Pods Manifest.lock";
			outputFileListPaths = (
			);
			outputPaths = (
				"$(DERIVED_FILE_DIR)/Pods-HatnoteListenTests-checkManifestLockResult.txt",
			);
			runOnlyForDeploymentPostprocessing = 0;
			shellPath = /bin/sh;
			shellScript = "diff \"${PODS_PODFILE_DIR_PATH}/Podfile.lock\" \"${PODS_ROOT}/Manifest.lock\" > /dev/null\nif [ $? != 0 ] ; then\n    # print error to STDERR\n    echo \"error: The sandbox is not in sync with the Podfile.lock. Run 'pod install' or update your CocoaPods installation.\" >&2\n    exit 1\nfi\n# This output is used by Xcode 'outputs' to avoid re-running this script phase.\necho \"SUCCESS\" > \"${SCRIPT_OUTPUT_FILE_0}\"\n";
			showEnvVarsInLog = 0;
		};
		CC1AF920D987368DCEEED222 /* [CP] Embed Pods Frameworks */ = {
			isa = PBXShellScriptBuildPhase;
			buildActionMask = 2147483647;
			files = (
			);
			inputPaths = (
				"${PODS_ROOT}/Target Support Files/Pods-HatnoteListen/Pods-HatnoteListen-frameworks.sh",
				"${BUILT_PRODUCTS_DIR}/CAAnimation-EasingEquations/CAAnimation_EasingEquations.framework",
				"${BUILT_PRODUCTS_DIR}/JASidePanels/JASidePanels.framework",
				"${BUILT_PRODUCTS_DIR}/JSONKit-NoWarning/JSONKit_NoWarning.framework",
				"${BUILT_PRODUCTS_DIR}/KVOController/KVOController.framework",
				"${BUILT_PRODUCTS_DIR}/SocketRocket/SocketRocket.framework",
				"${BUILT_PRODUCTS_DIR}/TTTAttributedLabel/TTTAttributedLabel.framework",
			);
			name = "[CP] Embed Pods Frameworks";
			outputPaths = (
				"${TARGET_BUILD_DIR}/${FRAMEWORKS_FOLDER_PATH}/CAAnimation_EasingEquations.framework",
				"${TARGET_BUILD_DIR}/${FRAMEWORKS_FOLDER_PATH}/JASidePanels.framework",
				"${TARGET_BUILD_DIR}/${FRAMEWORKS_FOLDER_PATH}/JSONKit_NoWarning.framework",
				"${TARGET_BUILD_DIR}/${FRAMEWORKS_FOLDER_PATH}/KVOController.framework",
				"${TARGET_BUILD_DIR}/${FRAMEWORKS_FOLDER_PATH}/SocketRocket.framework",
				"${TARGET_BUILD_DIR}/${FRAMEWORKS_FOLDER_PATH}/TTTAttributedLabel.framework",
			);
			runOnlyForDeploymentPostprocessing = 0;
			shellPath = /bin/sh;
			shellScript = "\"${PODS_ROOT}/Target Support Files/Pods-HatnoteListen/Pods-HatnoteListen-frameworks.sh\"\n";
			showEnvVarsInLog = 0;
		};
/* End PBXShellScriptBuildPhase section */

/* Begin PBXSourcesBuildPhase section */
		ED5B866918BACA6500932430 /* Sources */ = {
			isa = PBXSourcesBuildPhase;
			buildActionMask = 2147483647;
			files = (
				ED5B868118BACA6500932430 /* HATAppDelegate.m in Sources */,
				ED3C834218E12B100018190A /* UIColor+Theme.m in Sources */,
				ED536D4318D67B2400A5827C /* HATWikipediaLanguage.m in Sources */,
				EDDD564118BEDE8400D7AD6F /* NSObject+Util.m in Sources */,
				EDEFBEA718C3FE1E002AE9C6 /* NSArray+Util.m in Sources */,
				ED9D311B18DA72FB0038DD46 /* HATSidePanelController.m in Sources */,
				ED075D2618D7EDAC00581187 /* NSString+Util.m in Sources */,
				EDCE382918CBC004006C3B6F /* HATContainerView.m in Sources */,
				ED5B867D18BACA6500932430 /* main.m in Sources */,
				ED3E7A5B18DBEA4800CADCCC /* HATHorizontalPanGestureRecognizer.m in Sources */,
				ED5A04A118CEA71C0068D325 /* HATSettingsViewController.m in Sources */,
				EDEFBEA318C3F8F6002AE9C6 /* UIColor+Util.m in Sources */,
				ED946AA718BC239700B4EEAF /* HATUpdateView.m in Sources */,
				ED075D2118D7E10100581187 /* HATAboutViewController.m in Sources */,
				EDCBD04518D5206A00EC2892 /* HATLanguageTableViewCell.m in Sources */,
				EDB7D08218D94A6A0025D63C /* UIDevice+Util.m in Sources */,
				ED755D3618BB065500E7AC88 /* HATWikipediaViewController.m in Sources */,
				ED5B868718BACA6500932430 /* HATViewController.m in Sources */,
				ED764676193FF7B20005751B /* CALayer+Util.m in Sources */,
				ED5A04A718CEB5CB0068D325 /* HATSettings.m in Sources */,
				ED2E1F6E194301B40054229F /* CGVectorUtils.m in Sources */,
				ED5A04A418CEA87F0068D325 /* NSArray+FunctionalHelper.m in Sources */,
			);
			runOnlyForDeploymentPostprocessing = 0;
		};
		ED5B868A18BACA6600932430 /* Sources */ = {
			isa = PBXSourcesBuildPhase;
			buildActionMask = 2147483647;
			files = (
				ED5B869C18BACA6600932430 /* HatnoteListenTests.m in Sources */,
			);
			runOnlyForDeploymentPostprocessing = 0;
		};
/* End PBXSourcesBuildPhase section */

/* Begin PBXTargetDependency section */
		ED5B869418BACA6600932430 /* PBXTargetDependency */ = {
			isa = PBXTargetDependency;
			target = ED5B866C18BACA6500932430 /* HatnoteListen */;
			targetProxy = ED5B869318BACA6600932430 /* PBXContainerItemProxy */;
		};
/* End PBXTargetDependency section */

/* Begin PBXVariantGroup section */
		ED5B867918BACA6500932430 /* InfoPlist.strings */ = {
			isa = PBXVariantGroup;
			children = (
				ED5B867A18BACA6500932430 /* en */,
			);
			name = InfoPlist.strings;
			sourceTree = "<group>";
		};
		ED5B868218BACA6500932430 /* Main.storyboard */ = {
			isa = PBXVariantGroup;
			children = (
				ED5B868318BACA6500932430 /* Base */,
			);
			name = Main.storyboard;
			sourceTree = "<group>";
		};
		ED5B869818BACA6600932430 /* InfoPlist.strings */ = {
			isa = PBXVariantGroup;
			children = (
				ED5B869918BACA6600932430 /* en */,
			);
			name = InfoPlist.strings;
			sourceTree = "<group>";
		};
/* End PBXVariantGroup section */

/* Begin XCBuildConfiguration section */
		ED5B869D18BACA6600932430 /* Debug */ = {
			isa = XCBuildConfiguration;
			buildSettings = {
				ALWAYS_SEARCH_USER_PATHS = NO;
				CLANG_CXX_LANGUAGE_STANDARD = "gnu++0x";
				CLANG_CXX_LIBRARY = "libc++";
				CLANG_ENABLE_MODULES = YES;
				CLANG_ENABLE_OBJC_ARC = YES;
				CLANG_WARN_BOOL_CONVERSION = YES;
				CLANG_WARN_CONSTANT_CONVERSION = YES;
				CLANG_WARN_DIRECT_OBJC_ISA_USAGE = YES_ERROR;
				CLANG_WARN_EMPTY_BODY = YES;
				CLANG_WARN_ENUM_CONVERSION = YES;
				CLANG_WARN_INT_CONVERSION = YES;
				CLANG_WARN_OBJC_ROOT_CLASS = YES_ERROR;
				CLANG_WARN__DUPLICATE_METHOD_MATCH = YES;
				"CODE_SIGN_IDENTITY[sdk=iphoneos*]" = "iPhone Developer";
				COPY_PHASE_STRIP = NO;
				GCC_C_LANGUAGE_STANDARD = gnu99;
				GCC_DYNAMIC_NO_PIC = NO;
				GCC_OPTIMIZATION_LEVEL = 0;
				GCC_PREPROCESSOR_DEFINITIONS = (
					"DEBUG=1",
					"$(inherited)",
				);
				GCC_SYMBOLS_PRIVATE_EXTERN = NO;
				GCC_WARN_64_TO_32_BIT_CONVERSION = YES;
				GCC_WARN_ABOUT_RETURN_TYPE = YES_ERROR;
				GCC_WARN_UNDECLARED_SELECTOR = YES;
				GCC_WARN_UNINITIALIZED_AUTOS = YES;
				GCC_WARN_UNUSED_FUNCTION = YES;
				GCC_WARN_UNUSED_VARIABLE = YES;
				IPHONEOS_DEPLOYMENT_TARGET = 7.0;
				ONLY_ACTIVE_ARCH = YES;
				SDKROOT = iphoneos;
			};
			name = Debug;
		};
		ED5B869E18BACA6600932430 /* Release */ = {
			isa = XCBuildConfiguration;
			buildSettings = {
				ALWAYS_SEARCH_USER_PATHS = NO;
				CLANG_CXX_LANGUAGE_STANDARD = "gnu++0x";
				CLANG_CXX_LIBRARY = "libc++";
				CLANG_ENABLE_MODULES = YES;
				CLANG_ENABLE_OBJC_ARC = YES;
				CLANG_WARN_BOOL_CONVERSION = YES;
				CLANG_WARN_CONSTANT_CONVERSION = YES;
				CLANG_WARN_DIRECT_OBJC_ISA_USAGE = YES_ERROR;
				CLANG_WARN_EMPTY_BODY = YES;
				CLANG_WARN_ENUM_CONVERSION = YES;
				CLANG_WARN_INT_CONVERSION = YES;
				CLANG_WARN_OBJC_ROOT_CLASS = YES_ERROR;
				CLANG_WARN__DUPLICATE_METHOD_MATCH = YES;
				"CODE_SIGN_IDENTITY[sdk=iphoneos*]" = "iPhone Developer";
				COPY_PHASE_STRIP = YES;
				ENABLE_NS_ASSERTIONS = NO;
				GCC_C_LANGUAGE_STANDARD = gnu99;
				GCC_WARN_64_TO_32_BIT_CONVERSION = YES;
				GCC_WARN_ABOUT_RETURN_TYPE = YES_ERROR;
				GCC_WARN_UNDECLARED_SELECTOR = YES;
				GCC_WARN_UNINITIALIZED_AUTOS = YES;
				GCC_WARN_UNUSED_FUNCTION = YES;
				GCC_WARN_UNUSED_VARIABLE = YES;
				IPHONEOS_DEPLOYMENT_TARGET = 7.0;
				SDKROOT = iphoneos;
				VALIDATE_PRODUCT = YES;
			};
			name = Release;
		};
		ED5B86A018BACA6600932430 /* Debug */ = {
			isa = XCBuildConfiguration;
			baseConfigurationReference = 10D8F3C08706F676941A9712 /* Pods-HatnoteListen.debug.xcconfig */;
			buildSettings = {
				ASSETCATALOG_COMPILER_APPICON_NAME = AppIcon;
				CLANG_ENABLE_MODULES = YES;
				CODE_SIGN_IDENTITY = "Apple Development";
				CODE_SIGN_STYLE = Automatic;
				DEVELOPMENT_TEAM = 9422A6P5N6;
				GCC_PRECOMPILE_PREFIX_HEADER = YES;
				GCC_PREFIX_HEADER = "HatnoteListen/HatnoteListen-Prefix.pch";
				INFOPLIST_FILE = "HatnoteListen/HatnoteListen-Info.plist";
				IPHONEOS_DEPLOYMENT_TARGET = 15.0;
				LD_RUNPATH_SEARCH_PATHS = "$(inherited) @executable_path/Frameworks";
				PRODUCT_BUNDLE_IDENTIFIER = HatnoteListen;
				PRODUCT_NAME = "$(TARGET_NAME)";
				PROVISIONING_PROFILE_SPECIFIER = "";
				SWIFT_OBJC_BRIDGING_HEADER = "HatnoteListen/HatnoteListen-Bridging-Header.h";
				SWIFT_OPTIMIZATION_LEVEL = "-Onone";
				TARGETED_DEVICE_FAMILY = "1,2";
				WRAPPER_EXTENSION = app;
			};
			name = Debug;
		};
		ED5B86A118BACA6600932430 /* Release */ = {
			isa = XCBuildConfiguration;
			baseConfigurationReference = E2B66C90A82CA5EF7089ED32 /* Pods-HatnoteListen.release.xcconfig */;
			buildSettings = {
				ASSETCATALOG_COMPILER_APPICON_NAME = AppIcon;
				CLANG_ENABLE_MODULES = YES;
				CODE_SIGN_IDENTITY = "Apple Development";
				CODE_SIGN_STYLE = Automatic;
				DEVELOPMENT_TEAM = 9422A6P5N6;
				GCC_PRECOMPILE_PREFIX_HEADER = YES;
				GCC_PREFIX_HEADER = "HatnoteListen/HatnoteListen-Prefix.pch";
				INFOPLIST_FILE = "HatnoteListen/HatnoteListen-Info.plist";
				IPHONEOS_DEPLOYMENT_TARGET = 15.0;
				LD_RUNPATH_SEARCH_PATHS = "$(inherited) @executable_path/Frameworks";
				PRODUCT_BUNDLE_IDENTIFIER = HatnoteListen;
				PRODUCT_NAME = "$(TARGET_NAME)";
				PROVISIONING_PROFILE_SPECIFIER = "";
				SWIFT_OBJC_BRIDGING_HEADER = "HatnoteListen/HatnoteListen-Bridging-Header.h";
				TARGETED_DEVICE_FAMILY = "1,2";
				WRAPPER_EXTENSION = app;
			};
			name = Release;
		};
		ED5B86A318BACA6600932430 /* Debug */ = {
			isa = XCBuildConfiguration;
			baseConfigurationReference = 9C7A6BB7B4D9856FDDCADA13 /* Pods-HatnoteListenTests.debug.xcconfig */;
			buildSettings = {
				BUNDLE_LOADER = "$(BUILT_PRODUCTS_DIR)/HatnoteListen.app/HatnoteListen";
				FRAMEWORK_SEARCH_PATHS = (
					"$(SDKROOT)/Developer/Library/Frameworks",
					"$(inherited)",
					"$(DEVELOPER_FRAMEWORKS_DIR)",
				);
				GCC_PRECOMPILE_PREFIX_HEADER = YES;
				GCC_PREFIX_HEADER = "HatnoteListen/HatnoteListen-Prefix.pch";
				GCC_PREPROCESSOR_DEFINITIONS = (
					"DEBUG=1",
					"$(inherited)",
				);
				INFOPLIST_FILE = "HatnoteListenTests/HatnoteListenTests-Info.plist";
				PRODUCT_NAME = "$(TARGET_NAME)";
				TEST_HOST = "$(BUNDLE_LOADER)";
				WRAPPER_EXTENSION = xctest;
			};
			name = Debug;
		};
		ED5B86A418BACA6600932430 /* Release */ = {
			isa = XCBuildConfiguration;
			baseConfigurationReference = 22E944306D5E915B63686201 /* Pods-HatnoteListenTests.release.xcconfig */;
			buildSettings = {
				BUNDLE_LOADER = "$(BUILT_PRODUCTS_DIR)/HatnoteListen.app/HatnoteListen";
				FRAMEWORK_SEARCH_PATHS = (
					"$(SDKROOT)/Developer/Library/Frameworks",
					"$(inherited)",
					"$(DEVELOPER_FRAMEWORKS_DIR)",
				);
				GCC_PRECOMPILE_PREFIX_HEADER = YES;
				GCC_PREFIX_HEADER = "HatnoteListen/HatnoteListen-Prefix.pch";
				INFOPLIST_FILE = "HatnoteListenTests/HatnoteListenTests-Info.plist";
				PRODUCT_NAME = "$(TARGET_NAME)";
				TEST_HOST = "$(BUNDLE_LOADER)";
				WRAPPER_EXTENSION = xctest;
			};
			name = Release;
		};
/* End XCBuildConfiguration section */

/* Begin XCConfigurationList section */
		ED5B866818BACA6500932430 /* Build configuration list for PBXProject "HatnoteListen" */ = {
			isa = XCConfigurationList;
			buildConfigurations = (
				ED5B869D18BACA6600932430 /* Debug */,
				ED5B869E18BACA6600932430 /* Release */,
			);
			defaultConfigurationIsVisible = 0;
			defaultConfigurationName = Release;
		};
		ED5B869F18BACA6600932430 /* Build configuration list for PBXNativeTarget "HatnoteListen" */ = {
			isa = XCConfigurationList;
			buildConfigurations = (
				ED5B86A018BACA6600932430 /* Debug */,
				ED5B86A118BACA6600932430 /* Release */,
			);
			defaultConfigurationIsVisible = 0;
			defaultConfigurationName = Release;
		};
		ED5B86A218BACA6600932430 /* Build configuration list for PBXNativeTarget "HatnoteListenTests" */ = {
			isa = XCConfigurationList;
			buildConfigurations = (
				ED5B86A318BACA6600932430 /* Debug */,
				ED5B86A418BACA6600932430 /* Release */,
			);
			defaultConfigurationIsVisible = 0;
			defaultConfigurationName = Release;
		};
/* End XCConfigurationList section */
	};
	rootObject = ED5B866518BACA6500932430 /* Project object */;
}
