// !$*UTF8*$!
{
	archiveVersion = 1;
	classes = {
	};
	objectVersion = 46;
	objects = {

/* Begin PBXBuildFile section */
		1A2D9BADBE7942998EA54F60 /* libPods.a in Frameworks */ = {isa = PBXBuildFile; fileRef = 876574A93C6D4104A0E2E555 /* libPods.a */; };
		ED5B867118BACA6500932430 /* Foundation.framework in Frameworks */ = {isa = PBXBuildFile; fileRef = ED5B867018BACA6500932430 /* Foundation.framework */; };
		ED5B867318BACA6500932430 /* CoreGraphics.framework in Frameworks */ = {isa = PBXBuildFile; fileRef = ED5B867218BACA6500932430 /* CoreGraphics.framework */; };
		ED5B867518BACA6500932430 /* UIKit.framework in Frameworks */ = {isa = PBXBuildFile; fileRef = ED5B867418BACA6500932430 /* UIKit.framework */; };
		ED5B867B18BACA6500932430 /* InfoPlist.strings in Resources */ = {isa = PBXBuildFile; fileRef = ED5B867918BACA6500932430 /* InfoPlist.strings */; };
		ED5B867D18BACA6500932430 /* main.m in Sources */ = {isa = PBXBuildFile; fileRef = ED5B867C18BACA6500932430 /* main.m */; };
		ED5B868118BACA6500932430 /* HATAppDelegate.m in Sources */ = {isa = PBXBuildFile; fileRef = ED5B868018BACA6500932430 /* HATAppDelegate.m */; };
		ED5B868418BACA6500932430 /* Main.storyboard in Resources */ = {isa = PBXBuildFile; fileRef = ED5B868218BACA6500932430 /* Main.storyboard */; };
		ED5B868718BACA6500932430 /* HATViewController.m in Sources */ = {isa = PBXBuildFile; fileRef = ED5B868618BACA6500932430 /* HATViewController.m */; };
		ED5B868918BACA6500932430 /* Images.xcassets in Resources */ = {isa = PBXBuildFile; fileRef = ED5B868818BACA6500932430 /* Images.xcassets */; };
		ED5B869018BACA6600932430 /* XCTest.framework in Frameworks */ = {isa = PBXBuildFile; fileRef = ED5B868F18BACA6600932430 /* XCTest.framework */; };
		ED5B869118BACA6600932430 /* Foundation.framework in Frameworks */ = {isa = PBXBuildFile; fileRef = ED5B867018BACA6500932430 /* Foundation.framework */; };
		ED5B869218BACA6600932430 /* UIKit.framework in Frameworks */ = {isa = PBXBuildFile; fileRef = ED5B867418BACA6500932430 /* UIKit.framework */; };
		ED5B869A18BACA6600932430 /* InfoPlist.strings in Resources */ = {isa = PBXBuildFile; fileRef = ED5B869818BACA6600932430 /* InfoPlist.strings */; };
		ED5B869C18BACA6600932430 /* HatnoteListenTests.m in Sources */ = {isa = PBXBuildFile; fileRef = ED5B869B18BACA6600932430 /* HatnoteListenTests.m */; };
		ED755CC218BB04C900E7AC88 /* c001.mp3 in Resources */ = {isa = PBXBuildFile; fileRef = ED755C4E18BB04C900E7AC88 /* c001.mp3 */; };
		ED755CC318BB04C900E7AC88 /* c001.ogg in Resources */ = {isa = PBXBuildFile; fileRef = ED755C4F18BB04C900E7AC88 /* c001.ogg */; };
		ED755CC418BB04C900E7AC88 /* c002.mp3 in Resources */ = {isa = PBXBuildFile; fileRef = ED755C5018BB04C900E7AC88 /* c002.mp3 */; };
		ED755CC518BB04C900E7AC88 /* c002.ogg in Resources */ = {isa = PBXBuildFile; fileRef = ED755C5118BB04C900E7AC88 /* c002.ogg */; };
		ED755CC618BB04C900E7AC88 /* c003.mp3 in Resources */ = {isa = PBXBuildFile; fileRef = ED755C5218BB04C900E7AC88 /* c003.mp3 */; };
		ED755CC718BB04C900E7AC88 /* c003.ogg in Resources */ = {isa = PBXBuildFile; fileRef = ED755C5318BB04C900E7AC88 /* c003.ogg */; };
		ED755CC818BB04C900E7AC88 /* c004.mp3 in Resources */ = {isa = PBXBuildFile; fileRef = ED755C5418BB04C900E7AC88 /* c004.mp3 */; };
		ED755CC918BB04C900E7AC88 /* c004.ogg in Resources */ = {isa = PBXBuildFile; fileRef = ED755C5518BB04C900E7AC88 /* c004.ogg */; };
		ED755CCA18BB04C900E7AC88 /* c005.mp3 in Resources */ = {isa = PBXBuildFile; fileRef = ED755C5618BB04C900E7AC88 /* c005.mp3 */; };
		ED755CCB18BB04C900E7AC88 /* c005.ogg in Resources */ = {isa = PBXBuildFile; fileRef = ED755C5718BB04C900E7AC88 /* c005.ogg */; };
		ED755CCC18BB04C900E7AC88 /* c006.mp3 in Resources */ = {isa = PBXBuildFile; fileRef = ED755C5818BB04C900E7AC88 /* c006.mp3 */; };
		ED755CCD18BB04C900E7AC88 /* c006.ogg in Resources */ = {isa = PBXBuildFile; fileRef = ED755C5918BB04C900E7AC88 /* c006.ogg */; };
		ED755CCE18BB04C900E7AC88 /* c007.mp3 in Resources */ = {isa = PBXBuildFile; fileRef = ED755C5A18BB04C900E7AC88 /* c007.mp3 */; };
		ED755CCF18BB04C900E7AC88 /* c007.ogg in Resources */ = {isa = PBXBuildFile; fileRef = ED755C5B18BB04C900E7AC88 /* c007.ogg */; };
		ED755CD018BB04C900E7AC88 /* c008.mp3 in Resources */ = {isa = PBXBuildFile; fileRef = ED755C5C18BB04C900E7AC88 /* c008.mp3 */; };
		ED755CD118BB04C900E7AC88 /* c008.ogg in Resources */ = {isa = PBXBuildFile; fileRef = ED755C5D18BB04C900E7AC88 /* c008.ogg */; };
		ED755CD218BB04C900E7AC88 /* c009.mp3 in Resources */ = {isa = PBXBuildFile; fileRef = ED755C5E18BB04C900E7AC88 /* c009.mp3 */; };
		ED755CD318BB04C900E7AC88 /* c009.ogg in Resources */ = {isa = PBXBuildFile; fileRef = ED755C5F18BB04C900E7AC88 /* c009.ogg */; };
		ED755CD418BB04C900E7AC88 /* c010.mp3 in Resources */ = {isa = PBXBuildFile; fileRef = ED755C6018BB04C900E7AC88 /* c010.mp3 */; };
		ED755CD518BB04C900E7AC88 /* c010.ogg in Resources */ = {isa = PBXBuildFile; fileRef = ED755C6118BB04C900E7AC88 /* c010.ogg */; };
		ED755CD618BB04C900E7AC88 /* c011.mp3 in Resources */ = {isa = PBXBuildFile; fileRef = ED755C6218BB04C900E7AC88 /* c011.mp3 */; };
		ED755CD718BB04C900E7AC88 /* c011.ogg in Resources */ = {isa = PBXBuildFile; fileRef = ED755C6318BB04C900E7AC88 /* c011.ogg */; };
		ED755CD818BB04C900E7AC88 /* c012.mp3 in Resources */ = {isa = PBXBuildFile; fileRef = ED755C6418BB04C900E7AC88 /* c012.mp3 */; };
		ED755CD918BB04C900E7AC88 /* c012.ogg in Resources */ = {isa = PBXBuildFile; fileRef = ED755C6518BB04C900E7AC88 /* c012.ogg */; };
		ED755CDA18BB04C900E7AC88 /* c013.mp3 in Resources */ = {isa = PBXBuildFile; fileRef = ED755C6618BB04C900E7AC88 /* c013.mp3 */; };
		ED755CDB18BB04C900E7AC88 /* c013.ogg in Resources */ = {isa = PBXBuildFile; fileRef = ED755C6718BB04C900E7AC88 /* c013.ogg */; };
		ED755CDC18BB04C900E7AC88 /* c014.mp3 in Resources */ = {isa = PBXBuildFile; fileRef = ED755C6818BB04C900E7AC88 /* c014.mp3 */; };
		ED755CDD18BB04C900E7AC88 /* c014.ogg in Resources */ = {isa = PBXBuildFile; fileRef = ED755C6918BB04C900E7AC88 /* c014.ogg */; };
		ED755CDE18BB04C900E7AC88 /* c015.mp3 in Resources */ = {isa = PBXBuildFile; fileRef = ED755C6A18BB04C900E7AC88 /* c015.mp3 */; };
		ED755CDF18BB04C900E7AC88 /* c015.ogg in Resources */ = {isa = PBXBuildFile; fileRef = ED755C6B18BB04C900E7AC88 /* c015.ogg */; };
		ED755CE018BB04C900E7AC88 /* c016.mp3 in Resources */ = {isa = PBXBuildFile; fileRef = ED755C6C18BB04C900E7AC88 /* c016.mp3 */; };
		ED755CE118BB04C900E7AC88 /* c016.ogg in Resources */ = {isa = PBXBuildFile; fileRef = ED755C6D18BB04C900E7AC88 /* c016.ogg */; };
		ED755CE218BB04C900E7AC88 /* c017.mp3 in Resources */ = {isa = PBXBuildFile; fileRef = ED755C6E18BB04C900E7AC88 /* c017.mp3 */; };
		ED755CE318BB04C900E7AC88 /* c017.ogg in Resources */ = {isa = PBXBuildFile; fileRef = ED755C6F18BB04C900E7AC88 /* c017.ogg */; };
		ED755CE418BB04C900E7AC88 /* c018.mp3 in Resources */ = {isa = PBXBuildFile; fileRef = ED755C7018BB04C900E7AC88 /* c018.mp3 */; };
		ED755CE518BB04C900E7AC88 /* c018.ogg in Resources */ = {isa = PBXBuildFile; fileRef = ED755C7118BB04C900E7AC88 /* c018.ogg */; };
		ED755CE618BB04C900E7AC88 /* c019.mp3 in Resources */ = {isa = PBXBuildFile; fileRef = ED755C7218BB04C900E7AC88 /* c019.mp3 */; };
		ED755CE718BB04C900E7AC88 /* c019.ogg in Resources */ = {isa = PBXBuildFile; fileRef = ED755C7318BB04C900E7AC88 /* c019.ogg */; };
		ED755CE818BB04C900E7AC88 /* c020.mp3 in Resources */ = {isa = PBXBuildFile; fileRef = ED755C7418BB04C900E7AC88 /* c020.mp3 */; };
		ED755CE918BB04C900E7AC88 /* c020.ogg in Resources */ = {isa = PBXBuildFile; fileRef = ED755C7518BB04C900E7AC88 /* c020.ogg */; };
		ED755CEA18BB04C900E7AC88 /* c021.mp3 in Resources */ = {isa = PBXBuildFile; fileRef = ED755C7618BB04C900E7AC88 /* c021.mp3 */; };
		ED755CEB18BB04C900E7AC88 /* c021.ogg in Resources */ = {isa = PBXBuildFile; fileRef = ED755C7718BB04C900E7AC88 /* c021.ogg */; };
		ED755CEC18BB04C900E7AC88 /* c022.mp3 in Resources */ = {isa = PBXBuildFile; fileRef = ED755C7818BB04C900E7AC88 /* c022.mp3 */; };
		ED755CED18BB04C900E7AC88 /* c022.ogg in Resources */ = {isa = PBXBuildFile; fileRef = ED755C7918BB04C900E7AC88 /* c022.ogg */; };
		ED755CEE18BB04C900E7AC88 /* c023.mp3 in Resources */ = {isa = PBXBuildFile; fileRef = ED755C7A18BB04C900E7AC88 /* c023.mp3 */; };
		ED755CEF18BB04C900E7AC88 /* c023.ogg in Resources */ = {isa = PBXBuildFile; fileRef = ED755C7B18BB04C900E7AC88 /* c023.ogg */; };
		ED755CF018BB04C900E7AC88 /* c024.mp3 in Resources */ = {isa = PBXBuildFile; fileRef = ED755C7C18BB04C900E7AC88 /* c024.mp3 */; };
		ED755CF118BB04C900E7AC88 /* c024.ogg in Resources */ = {isa = PBXBuildFile; fileRef = ED755C7D18BB04C900E7AC88 /* c024.ogg */; };
		ED755CF218BB04C900E7AC88 /* c025.mp3 in Resources */ = {isa = PBXBuildFile; fileRef = ED755C7E18BB04C900E7AC88 /* c025.mp3 */; };
		ED755CF318BB04C900E7AC88 /* c025.ogg in Resources */ = {isa = PBXBuildFile; fileRef = ED755C7F18BB04C900E7AC88 /* c025.ogg */; };
		ED755CF418BB04C900E7AC88 /* c026.mp3 in Resources */ = {isa = PBXBuildFile; fileRef = ED755C8018BB04C900E7AC88 /* c026.mp3 */; };
		ED755CF518BB04C900E7AC88 /* c026.ogg in Resources */ = {isa = PBXBuildFile; fileRef = ED755C8118BB04C900E7AC88 /* c026.ogg */; };
		ED755CF618BB04C900E7AC88 /* c027.mp3 in Resources */ = {isa = PBXBuildFile; fileRef = ED755C8218BB04C900E7AC88 /* c027.mp3 */; };
		ED755CF718BB04C900E7AC88 /* c027.ogg in Resources */ = {isa = PBXBuildFile; fileRef = ED755C8318BB04C900E7AC88 /* c027.ogg */; };
		ED755CF818BB04C900E7AC88 /* c001.mp3 in Resources */ = {isa = PBXBuildFile; fileRef = ED755C8518BB04C900E7AC88 /* c001.mp3 */; };
		ED755CF918BB04C900E7AC88 /* c001.ogg in Resources */ = {isa = PBXBuildFile; fileRef = ED755C8618BB04C900E7AC88 /* c001.ogg */; };
		ED755CFA18BB04C900E7AC88 /* c002.mp3 in Resources */ = {isa = PBXBuildFile; fileRef = ED755C8718BB04C900E7AC88 /* c002.mp3 */; };
		ED755CFB18BB04C900E7AC88 /* c002.ogg in Resources */ = {isa = PBXBuildFile; fileRef = ED755C8818BB04C900E7AC88 /* c002.ogg */; };
		ED755CFC18BB04C900E7AC88 /* c003.mp3 in Resources */ = {isa = PBXBuildFile; fileRef = ED755C8918BB04C900E7AC88 /* c003.mp3 */; };
		ED755CFD18BB04C900E7AC88 /* c003.ogg in Resources */ = {isa = PBXBuildFile; fileRef = ED755C8A18BB04C900E7AC88 /* c003.ogg */; };
		ED755CFE18BB04C900E7AC88 /* c004.mp3 in Resources */ = {isa = PBXBuildFile; fileRef = ED755C8B18BB04C900E7AC88 /* c004.mp3 */; };
		ED755CFF18BB04C900E7AC88 /* c004.ogg in Resources */ = {isa = PBXBuildFile; fileRef = ED755C8C18BB04C900E7AC88 /* c004.ogg */; };
		ED755D0018BB04C900E7AC88 /* c005.mp3 in Resources */ = {isa = PBXBuildFile; fileRef = ED755C8D18BB04C900E7AC88 /* c005.mp3 */; };
		ED755D0118BB04C900E7AC88 /* c005.ogg in Resources */ = {isa = PBXBuildFile; fileRef = ED755C8E18BB04C900E7AC88 /* c005.ogg */; };
		ED755D0218BB04C900E7AC88 /* c006.mp3 in Resources */ = {isa = PBXBuildFile; fileRef = ED755C8F18BB04C900E7AC88 /* c006.mp3 */; };
		ED755D0318BB04C900E7AC88 /* c006.ogg in Resources */ = {isa = PBXBuildFile; fileRef = ED755C9018BB04C900E7AC88 /* c006.ogg */; };
		ED755D0418BB04C900E7AC88 /* c007.mp3 in Resources */ = {isa = PBXBuildFile; fileRef = ED755C9118BB04C900E7AC88 /* c007.mp3 */; };
		ED755D0518BB04C900E7AC88 /* c007.ogg in Resources */ = {isa = PBXBuildFile; fileRef = ED755C9218BB04C900E7AC88 /* c007.ogg */; };
		ED755D0618BB04C900E7AC88 /* c008.mp3 in Resources */ = {isa = PBXBuildFile; fileRef = ED755C9318BB04C900E7AC88 /* c008.mp3 */; };
		ED755D0718BB04C900E7AC88 /* c008.ogg in Resources */ = {isa = PBXBuildFile; fileRef = ED755C9418BB04C900E7AC88 /* c008.ogg */; };
		ED755D0818BB04C900E7AC88 /* c009.mp3 in Resources */ = {isa = PBXBuildFile; fileRef = ED755C9518BB04C900E7AC88 /* c009.mp3 */; };
		ED755D0918BB04C900E7AC88 /* c009.ogg in Resources */ = {isa = PBXBuildFile; fileRef = ED755C9618BB04C900E7AC88 /* c009.ogg */; };
		ED755D0A18BB04C900E7AC88 /* c010.mp3 in Resources */ = {isa = PBXBuildFile; fileRef = ED755C9718BB04C900E7AC88 /* c010.mp3 */; };
		ED755D0B18BB04C900E7AC88 /* c010.ogg in Resources */ = {isa = PBXBuildFile; fileRef = ED755C9818BB04C900E7AC88 /* c010.ogg */; };
		ED755D0C18BB04C900E7AC88 /* c011.mp3 in Resources */ = {isa = PBXBuildFile; fileRef = ED755C9918BB04C900E7AC88 /* c011.mp3 */; };
		ED755D0D18BB04C900E7AC88 /* c011.ogg in Resources */ = {isa = PBXBuildFile; fileRef = ED755C9A18BB04C900E7AC88 /* c011.ogg */; };
		ED755D0E18BB04C900E7AC88 /* c012.mp3 in Resources */ = {isa = PBXBuildFile; fileRef = ED755C9B18BB04C900E7AC88 /* c012.mp3 */; };
		ED755D0F18BB04C900E7AC88 /* c012.ogg in Resources */ = {isa = PBXBuildFile; fileRef = ED755C9C18BB04C900E7AC88 /* c012.ogg */; };
		ED755D1018BB04C900E7AC88 /* c013.mp3 in Resources */ = {isa = PBXBuildFile; fileRef = ED755C9D18BB04C900E7AC88 /* c013.mp3 */; };
		ED755D1118BB04C900E7AC88 /* c013.ogg in Resources */ = {isa = PBXBuildFile; fileRef = ED755C9E18BB04C900E7AC88 /* c013.ogg */; };
		ED755D1218BB04C900E7AC88 /* c014.mp3 in Resources */ = {isa = PBXBuildFile; fileRef = ED755C9F18BB04C900E7AC88 /* c014.mp3 */; };
		ED755D1318BB04C900E7AC88 /* c014.ogg in Resources */ = {isa = PBXBuildFile; fileRef = ED755CA018BB04C900E7AC88 /* c014.ogg */; };
		ED755D1418BB04C900E7AC88 /* c015.mp3 in Resources */ = {isa = PBXBuildFile; fileRef = ED755CA118BB04C900E7AC88 /* c015.mp3 */; };
		ED755D1518BB04C900E7AC88 /* c015.ogg in Resources */ = {isa = PBXBuildFile; fileRef = ED755CA218BB04C900E7AC88 /* c015.ogg */; };
		ED755D1618BB04C900E7AC88 /* c016.mp3 in Resources */ = {isa = PBXBuildFile; fileRef = ED755CA318BB04C900E7AC88 /* c016.mp3 */; };
		ED755D1718BB04C900E7AC88 /* c016.ogg in Resources */ = {isa = PBXBuildFile; fileRef = ED755CA418BB04C900E7AC88 /* c016.ogg */; };
		ED755D1818BB04C900E7AC88 /* c017.mp3 in Resources */ = {isa = PBXBuildFile; fileRef = ED755CA518BB04C900E7AC88 /* c017.mp3 */; };
		ED755D1918BB04C900E7AC88 /* c017.ogg in Resources */ = {isa = PBXBuildFile; fileRef = ED755CA618BB04C900E7AC88 /* c017.ogg */; };
		ED755D1A18BB04C900E7AC88 /* c018.mp3 in Resources */ = {isa = PBXBuildFile; fileRef = ED755CA718BB04C900E7AC88 /* c018.mp3 */; };
		ED755D1B18BB04C900E7AC88 /* c018.ogg in Resources */ = {isa = PBXBuildFile; fileRef = ED755CA818BB04C900E7AC88 /* c018.ogg */; };
		ED755D1C18BB04C900E7AC88 /* c019.mp3 in Resources */ = {isa = PBXBuildFile; fileRef = ED755CA918BB04C900E7AC88 /* c019.mp3 */; };
		ED755D1D18BB04C900E7AC88 /* c019.ogg in Resources */ = {isa = PBXBuildFile; fileRef = ED755CAA18BB04C900E7AC88 /* c019.ogg */; };
		ED755D1E18BB04C900E7AC88 /* c020.mp3 in Resources */ = {isa = PBXBuildFile; fileRef = ED755CAB18BB04C900E7AC88 /* c020.mp3 */; };
		ED755D1F18BB04C900E7AC88 /* c020.ogg in Resources */ = {isa = PBXBuildFile; fileRef = ED755CAC18BB04C900E7AC88 /* c020.ogg */; };
		ED755D2018BB04C900E7AC88 /* c021.mp3 in Resources */ = {isa = PBXBuildFile; fileRef = ED755CAD18BB04C900E7AC88 /* c021.mp3 */; };
		ED755D2118BB04C900E7AC88 /* c021.ogg in Resources */ = {isa = PBXBuildFile; fileRef = ED755CAE18BB04C900E7AC88 /* c021.ogg */; };
		ED755D2218BB04C900E7AC88 /* c022.mp3 in Resources */ = {isa = PBXBuildFile; fileRef = ED755CAF18BB04C900E7AC88 /* c022.mp3 */; };
		ED755D2318BB04C900E7AC88 /* c022.ogg in Resources */ = {isa = PBXBuildFile; fileRef = ED755CB018BB04C900E7AC88 /* c022.ogg */; };
		ED755D2418BB04C900E7AC88 /* c023.mp3 in Resources */ = {isa = PBXBuildFile; fileRef = ED755CB118BB04C900E7AC88 /* c023.mp3 */; };
		ED755D2518BB04C900E7AC88 /* c023.ogg in Resources */ = {isa = PBXBuildFile; fileRef = ED755CB218BB04C900E7AC88 /* c023.ogg */; };
		ED755D2618BB04C900E7AC88 /* c024.mp3 in Resources */ = {isa = PBXBuildFile; fileRef = ED755CB318BB04C900E7AC88 /* c024.mp3 */; };
		ED755D2718BB04C900E7AC88 /* c024.ogg in Resources */ = {isa = PBXBuildFile; fileRef = ED755CB418BB04C900E7AC88 /* c024.ogg */; };
		ED755D2818BB04C900E7AC88 /* c025.mp3 in Resources */ = {isa = PBXBuildFile; fileRef = ED755CB518BB04C900E7AC88 /* c025.mp3 */; };
		ED755D2918BB04C900E7AC88 /* c025.ogg in Resources */ = {isa = PBXBuildFile; fileRef = ED755CB618BB04C900E7AC88 /* c025.ogg */; };
		ED755D2A18BB04C900E7AC88 /* c026.mp3 in Resources */ = {isa = PBXBuildFile; fileRef = ED755CB718BB04C900E7AC88 /* c026.mp3 */; };
		ED755D2B18BB04C900E7AC88 /* c026.ogg in Resources */ = {isa = PBXBuildFile; fileRef = ED755CB818BB04C900E7AC88 /* c026.ogg */; };
		ED755D2C18BB04C900E7AC88 /* c027.mp3 in Resources */ = {isa = PBXBuildFile; fileRef = ED755CB918BB04C900E7AC88 /* c027.mp3 */; };
		ED755D2D18BB04C900E7AC88 /* c027.ogg in Resources */ = {isa = PBXBuildFile; fileRef = ED755CBA18BB04C900E7AC88 /* c027.ogg */; };
		ED755D2E18BB04C900E7AC88 /* swell1.mp3 in Resources */ = {isa = PBXBuildFile; fileRef = ED755CBC18BB04C900E7AC88 /* swell1.mp3 */; };
		ED755D2F18BB04C900E7AC88 /* swell1.ogg in Resources */ = {isa = PBXBuildFile; fileRef = ED755CBD18BB04C900E7AC88 /* swell1.ogg */; };
		ED755D3018BB04C900E7AC88 /* swell2.mp3 in Resources */ = {isa = PBXBuildFile; fileRef = ED755CBE18BB04C900E7AC88 /* swell2.mp3 */; };
		ED755D3118BB04C900E7AC88 /* swell2.ogg in Resources */ = {isa = PBXBuildFile; fileRef = ED755CBF18BB04C900E7AC88 /* swell2.ogg */; };
		ED755D3218BB04C900E7AC88 /* swell3.mp3 in Resources */ = {isa = PBXBuildFile; fileRef = ED755CC018BB04C900E7AC88 /* swell3.mp3 */; };
		ED755D3318BB04C900E7AC88 /* swell3.ogg in Resources */ = {isa = PBXBuildFile; fileRef = ED755CC118BB04C900E7AC88 /* swell3.ogg */; };
/* End PBXBuildFile section */

/* Begin PBXContainerItemProxy section */
		ED5B869318BACA6600932430 /* PBXContainerItemProxy */ = {
			isa = PBXContainerItemProxy;
			containerPortal = ED5B866518BACA6500932430 /* Project object */;
			proxyType = 1;
			remoteGlobalIDString = ED5B866C18BACA6500932430;
			remoteInfo = HatnoteListen;
		};
/* End PBXContainerItemProxy section */

/* Begin PBXFileReference section */
		11D2B121FC08490EB3A4A0A5 /* Pods.xcconfig */ = {isa = PBXFileReference; includeInIndex = 1; lastKnownFileType = text.xcconfig; name = Pods.xcconfig; path = Pods/Pods.xcconfig; sourceTree = "<group>"; };
		876574A93C6D4104A0E2E555 /* libPods.a */ = {isa = PBXFileReference; explicitFileType = archive.ar; includeInIndex = 0; path = libPods.a; sourceTree = BUILT_PRODUCTS_DIR; };
		ED5B866D18BACA6500932430 /* HatnoteListen.app */ = {isa = PBXFileReference; explicitFileType = wrapper.application; includeInIndex = 0; path = HatnoteListen.app; sourceTree = BUILT_PRODUCTS_DIR; };
		ED5B867018BACA6500932430 /* Foundation.framework */ = {isa = PBXFileReference; lastKnownFileType = wrapper.framework; name = Foundation.framework; path = System/Library/Frameworks/Foundation.framework; sourceTree = SDKROOT; };
		ED5B867218BACA6500932430 /* CoreGraphics.framework */ = {isa = PBXFileReference; lastKnownFileType = wrapper.framework; name = CoreGraphics.framework; path = System/Library/Frameworks/CoreGraphics.framework; sourceTree = SDKROOT; };
		ED5B867418BACA6500932430 /* UIKit.framework */ = {isa = PBXFileReference; lastKnownFileType = wrapper.framework; name = UIKit.framework; path = System/Library/Frameworks/UIKit.framework; sourceTree = SDKROOT; };
		ED5B867818BACA6500932430 /* HatnoteListen-Info.plist */ = {isa = PBXFileReference; lastKnownFileType = text.plist.xml; path = "HatnoteListen-Info.plist"; sourceTree = "<group>"; };
		ED5B867A18BACA6500932430 /* en */ = {isa = PBXFileReference; lastKnownFileType = text.plist.strings; name = en; path = en.lproj/InfoPlist.strings; sourceTree = "<group>"; };
		ED5B867C18BACA6500932430 /* main.m */ = {isa = PBXFileReference; lastKnownFileType = sourcecode.c.objc; path = main.m; sourceTree = "<group>"; };
		ED5B867E18BACA6500932430 /* HatnoteListen-Prefix.pch */ = {isa = PBXFileReference; lastKnownFileType = sourcecode.c.h; path = "HatnoteListen-Prefix.pch"; sourceTree = "<group>"; };
		ED5B867F18BACA6500932430 /* HATAppDelegate.h */ = {isa = PBXFileReference; lastKnownFileType = sourcecode.c.h; path = HATAppDelegate.h; sourceTree = "<group>"; };
		ED5B868018BACA6500932430 /* HATAppDelegate.m */ = {isa = PBXFileReference; lastKnownFileType = sourcecode.c.objc; path = HATAppDelegate.m; sourceTree = "<group>"; };
		ED5B868318BACA6500932430 /* Base */ = {isa = PBXFileReference; lastKnownFileType = file.storyboard; name = Base; path = Base.lproj/Main.storyboard; sourceTree = "<group>"; };
		ED5B868518BACA6500932430 /* HATViewController.h */ = {isa = PBXFileReference; lastKnownFileType = sourcecode.c.h; path = HATViewController.h; sourceTree = "<group>"; };
		ED5B868618BACA6500932430 /* HATViewController.m */ = {isa = PBXFileReference; lastKnownFileType = sourcecode.c.objc; path = HATViewController.m; sourceTree = "<group>"; };
		ED5B868818BACA6500932430 /* Images.xcassets */ = {isa = PBXFileReference; lastKnownFileType = folder.assetcatalog; path = Images.xcassets; sourceTree = "<group>"; };
		ED5B868E18BACA6600932430 /* HatnoteListenTests.xctest */ = {isa = PBXFileReference; explicitFileType = wrapper.cfbundle; includeInIndex = 0; path = HatnoteListenTests.xctest; sourceTree = BUILT_PRODUCTS_DIR; };
		ED5B868F18BACA6600932430 /* XCTest.framework */ = {isa = PBXFileReference; lastKnownFileType = wrapper.framework; name = XCTest.framework; path = Library/Frameworks/XCTest.framework; sourceTree = DEVELOPER_DIR; };
		ED5B869718BACA6600932430 /* HatnoteListenTests-Info.plist */ = {isa = PBXFileReference; lastKnownFileType = text.plist.xml; path = "HatnoteListenTests-Info.plist"; sourceTree = "<group>"; };
		ED5B869918BACA6600932430 /* en */ = {isa = PBXFileReference; lastKnownFileType = text.plist.strings; name = en; path = en.lproj/InfoPlist.strings; sourceTree = "<group>"; };
		ED5B869B18BACA6600932430 /* HatnoteListenTests.m */ = {isa = PBXFileReference; lastKnownFileType = sourcecode.c.objc; path = HatnoteListenTests.m; sourceTree = "<group>"; };
		ED755C4E18BB04C900E7AC88 /* c001.mp3 */ = {isa = PBXFileReference; lastKnownFileType = audio.mp3; path = c001.mp3; sourceTree = "<group>"; };
		ED755C4F18BB04C900E7AC88 /* c001.ogg */ = {isa = PBXFileReference; lastKnownFileType = file; path = c001.ogg; sourceTree = "<group>"; };
		ED755C5018BB04C900E7AC88 /* c002.mp3 */ = {isa = PBXFileReference; lastKnownFileType = audio.mp3; path = c002.mp3; sourceTree = "<group>"; };
		ED755C5118BB04C900E7AC88 /* c002.ogg */ = {isa = PBXFileReference; lastKnownFileType = file; path = c002.ogg; sourceTree = "<group>"; };
		ED755C5218BB04C900E7AC88 /* c003.mp3 */ = {isa = PBXFileReference; lastKnownFileType = audio.mp3; path = c003.mp3; sourceTree = "<group>"; };
		ED755C5318BB04C900E7AC88 /* c003.ogg */ = {isa = PBXFileReference; lastKnownFileType = file; path = c003.ogg; sourceTree = "<group>"; };
		ED755C5418BB04C900E7AC88 /* c004.mp3 */ = {isa = PBXFileReference; lastKnownFileType = audio.mp3; path = c004.mp3; sourceTree = "<group>"; };
		ED755C5518BB04C900E7AC88 /* c004.ogg */ = {isa = PBXFileReference; lastKnownFileType = file; path = c004.ogg; sourceTree = "<group>"; };
		ED755C5618BB04C900E7AC88 /* c005.mp3 */ = {isa = PBXFileReference; lastKnownFileType = audio.mp3; path = c005.mp3; sourceTree = "<group>"; };
		ED755C5718BB04C900E7AC88 /* c005.ogg */ = {isa = PBXFileReference; lastKnownFileType = file; path = c005.ogg; sourceTree = "<group>"; };
		ED755C5818BB04C900E7AC88 /* c006.mp3 */ = {isa = PBXFileReference; lastKnownFileType = audio.mp3; path = c006.mp3; sourceTree = "<group>"; };
		ED755C5918BB04C900E7AC88 /* c006.ogg */ = {isa = PBXFileReference; lastKnownFileType = file; path = c006.ogg; sourceTree = "<group>"; };
		ED755C5A18BB04C900E7AC88 /* c007.mp3 */ = {isa = PBXFileReference; lastKnownFileType = audio.mp3; path = c007.mp3; sourceTree = "<group>"; };
		ED755C5B18BB04C900E7AC88 /* c007.ogg */ = {isa = PBXFileReference; lastKnownFileType = file; path = c007.ogg; sourceTree = "<group>"; };
		ED755C5C18BB04C900E7AC88 /* c008.mp3 */ = {isa = PBXFileReference; lastKnownFileType = audio.mp3; path = c008.mp3; sourceTree = "<group>"; };
		ED755C5D18BB04C900E7AC88 /* c008.ogg */ = {isa = PBXFileReference; lastKnownFileType = file; path = c008.ogg; sourceTree = "<group>"; };
		ED755C5E18BB04C900E7AC88 /* c009.mp3 */ = {isa = PBXFileReference; lastKnownFileType = audio.mp3; path = c009.mp3; sourceTree = "<group>"; };
		ED755C5F18BB04C900E7AC88 /* c009.ogg */ = {isa = PBXFileReference; lastKnownFileType = file; path = c009.ogg; sourceTree = "<group>"; };
		ED755C6018BB04C900E7AC88 /* c010.mp3 */ = {isa = PBXFileReference; lastKnownFileType = audio.mp3; path = c010.mp3; sourceTree = "<group>"; };
		ED755C6118BB04C900E7AC88 /* c010.ogg */ = {isa = PBXFileReference; lastKnownFileType = file; path = c010.ogg; sourceTree = "<group>"; };
		ED755C6218BB04C900E7AC88 /* c011.mp3 */ = {isa = PBXFileReference; lastKnownFileType = audio.mp3; path = c011.mp3; sourceTree = "<group>"; };
		ED755C6318BB04C900E7AC88 /* c011.ogg */ = {isa = PBXFileReference; lastKnownFileType = file; path = c011.ogg; sourceTree = "<group>"; };
		ED755C6418BB04C900E7AC88 /* c012.mp3 */ = {isa = PBXFileReference; lastKnownFileType = audio.mp3; path = c012.mp3; sourceTree = "<group>"; };
		ED755C6518BB04C900E7AC88 /* c012.ogg */ = {isa = PBXFileReference; lastKnownFileType = file; path = c012.ogg; sourceTree = "<group>"; };
		ED755C6618BB04C900E7AC88 /* c013.mp3 */ = {isa = PBXFileReference; lastKnownFileType = audio.mp3; path = c013.mp3; sourceTree = "<group>"; };
		ED755C6718BB04C900E7AC88 /* c013.ogg */ = {isa = PBXFileReference; lastKnownFileType = file; path = c013.ogg; sourceTree = "<group>"; };
		ED755C6818BB04C900E7AC88 /* c014.mp3 */ = {isa = PBXFileReference; lastKnownFileType = audio.mp3; path = c014.mp3; sourceTree = "<group>"; };
		ED755C6918BB04C900E7AC88 /* c014.ogg */ = {isa = PBXFileReference; lastKnownFileType = file; path = c014.ogg; sourceTree = "<group>"; };
		ED755C6A18BB04C900E7AC88 /* c015.mp3 */ = {isa = PBXFileReference; lastKnownFileType = audio.mp3; path = c015.mp3; sourceTree = "<group>"; };
		ED755C6B18BB04C900E7AC88 /* c015.ogg */ = {isa = PBXFileReference; lastKnownFileType = file; path = c015.ogg; sourceTree = "<group>"; };
		ED755C6C18BB04C900E7AC88 /* c016.mp3 */ = {isa = PBXFileReference; lastKnownFileType = audio.mp3; path = c016.mp3; sourceTree = "<group>"; };
		ED755C6D18BB04C900E7AC88 /* c016.ogg */ = {isa = PBXFileReference; lastKnownFileType = file; path = c016.ogg; sourceTree = "<group>"; };
		ED755C6E18BB04C900E7AC88 /* c017.mp3 */ = {isa = PBXFileReference; lastKnownFileType = audio.mp3; path = c017.mp3; sourceTree = "<group>"; };
		ED755C6F18BB04C900E7AC88 /* c017.ogg */ = {isa = PBXFileReference; lastKnownFileType = file; path = c017.ogg; sourceTree = "<group>"; };
		ED755C7018BB04C900E7AC88 /* c018.mp3 */ = {isa = PBXFileReference; lastKnownFileType = audio.mp3; path = c018.mp3; sourceTree = "<group>"; };
		ED755C7118BB04C900E7AC88 /* c018.ogg */ = {isa = PBXFileReference; lastKnownFileType = file; path = c018.ogg; sourceTree = "<group>"; };
		ED755C7218BB04C900E7AC88 /* c019.mp3 */ = {isa = PBXFileReference; lastKnownFileType = audio.mp3; path = c019.mp3; sourceTree = "<group>"; };
		ED755C7318BB04C900E7AC88 /* c019.ogg */ = {isa = PBXFileReference; lastKnownFileType = file; path = c019.ogg; sourceTree = "<group>"; };
		ED755C7418BB04C900E7AC88 /* c020.mp3 */ = {isa = PBXFileReference; lastKnownFileType = audio.mp3; path = c020.mp3; sourceTree = "<group>"; };
		ED755C7518BB04C900E7AC88 /* c020.ogg */ = {isa = PBXFileReference; lastKnownFileType = file; path = c020.ogg; sourceTree = "<group>"; };
		ED755C7618BB04C900E7AC88 /* c021.mp3 */ = {isa = PBXFileReference; lastKnownFileType = audio.mp3; path = c021.mp3; sourceTree = "<group>"; };
		ED755C7718BB04C900E7AC88 /* c021.ogg */ = {isa = PBXFileReference; lastKnownFileType = file; path = c021.ogg; sourceTree = "<group>"; };
		ED755C7818BB04C900E7AC88 /* c022.mp3 */ = {isa = PBXFileReference; lastKnownFileType = audio.mp3; path = c022.mp3; sourceTree = "<group>"; };
		ED755C7918BB04C900E7AC88 /* c022.ogg */ = {isa = PBXFileReference; lastKnownFileType = file; path = c022.ogg; sourceTree = "<group>"; };
		ED755C7A18BB04C900E7AC88 /* c023.mp3 */ = {isa = PBXFileReference; lastKnownFileType = audio.mp3; path = c023.mp3; sourceTree = "<group>"; };
		ED755C7B18BB04C900E7AC88 /* c023.ogg */ = {isa = PBXFileReference; lastKnownFileType = file; path = c023.ogg; sourceTree = "<group>"; };
		ED755C7C18BB04C900E7AC88 /* c024.mp3 */ = {isa = PBXFileReference; lastKnownFileType = audio.mp3; path = c024.mp3; sourceTree = "<group>"; };
		ED755C7D18BB04C900E7AC88 /* c024.ogg */ = {isa = PBXFileReference; lastKnownFileType = file; path = c024.ogg; sourceTree = "<group>"; };
		ED755C7E18BB04C900E7AC88 /* c025.mp3 */ = {isa = PBXFileReference; lastKnownFileType = audio.mp3; path = c025.mp3; sourceTree = "<group>"; };
		ED755C7F18BB04C900E7AC88 /* c025.ogg */ = {isa = PBXFileReference; lastKnownFileType = file; path = c025.ogg; sourceTree = "<group>"; };
		ED755C8018BB04C900E7AC88 /* c026.mp3 */ = {isa = PBXFileReference; lastKnownFileType = audio.mp3; path = c026.mp3; sourceTree = "<group>"; };
		ED755C8118BB04C900E7AC88 /* c026.ogg */ = {isa = PBXFileReference; lastKnownFileType = file; path = c026.ogg; sourceTree = "<group>"; };
		ED755C8218BB04C900E7AC88 /* c027.mp3 */ = {isa = PBXFileReference; lastKnownFileType = audio.mp3; path = c027.mp3; sourceTree = "<group>"; };
		ED755C8318BB04C900E7AC88 /* c027.ogg */ = {isa = PBXFileReference; lastKnownFileType = file; path = c027.ogg; sourceTree = "<group>"; };
		ED755C8518BB04C900E7AC88 /* c001.mp3 */ = {isa = PBXFileReference; lastKnownFileType = audio.mp3; path = c001.mp3; sourceTree = "<group>"; };
		ED755C8618BB04C900E7AC88 /* c001.ogg */ = {isa = PBXFileReference; lastKnownFileType = file; path = c001.ogg; sourceTree = "<group>"; };
		ED755C8718BB04C900E7AC88 /* c002.mp3 */ = {isa = PBXFileReference; lastKnownFileType = audio.mp3; path = c002.mp3; sourceTree = "<group>"; };
		ED755C8818BB04C900E7AC88 /* c002.ogg */ = {isa = PBXFileReference; lastKnownFileType = file; path = c002.ogg; sourceTree = "<group>"; };
		ED755C8918BB04C900E7AC88 /* c003.mp3 */ = {isa = PBXFileReference; lastKnownFileType = audio.mp3; path = c003.mp3; sourceTree = "<group>"; };
		ED755C8A18BB04C900E7AC88 /* c003.ogg */ = {isa = PBXFileReference; lastKnownFileType = file; path = c003.ogg; sourceTree = "<group>"; };
		ED755C8B18BB04C900E7AC88 /* c004.mp3 */ = {isa = PBXFileReference; lastKnownFileType = audio.mp3; path = c004.mp3; sourceTree = "<group>"; };
		ED755C8C18BB04C900E7AC88 /* c004.ogg */ = {isa = PBXFileReference; lastKnownFileType = file; path = c004.ogg; sourceTree = "<group>"; };
		ED755C8D18BB04C900E7AC88 /* c005.mp3 */ = {isa = PBXFileReference; lastKnownFileType = audio.mp3; path = c005.mp3; sourceTree = "<group>"; };
		ED755C8E18BB04C900E7AC88 /* c005.ogg */ = {isa = PBXFileReference; lastKnownFileType = file; path = c005.ogg; sourceTree = "<group>"; };
		ED755C8F18BB04C900E7AC88 /* c006.mp3 */ = {isa = PBXFileReference; lastKnownFileType = audio.mp3; path = c006.mp3; sourceTree = "<group>"; };
		ED755C9018BB04C900E7AC88 /* c006.ogg */ = {isa = PBXFileReference; lastKnownFileType = file; path = c006.ogg; sourceTree = "<group>"; };
		ED755C9118BB04C900E7AC88 /* c007.mp3 */ = {isa = PBXFileReference; lastKnownFileType = audio.mp3; path = c007.mp3; sourceTree = "<group>"; };
		ED755C9218BB04C900E7AC88 /* c007.ogg */ = {isa = PBXFileReference; lastKnownFileType = file; path = c007.ogg; sourceTree = "<group>"; };
		ED755C9318BB04C900E7AC88 /* c008.mp3 */ = {isa = PBXFileReference; lastKnownFileType = audio.mp3; path = c008.mp3; sourceTree = "<group>"; };
		ED755C9418BB04C900E7AC88 /* c008.ogg */ = {isa = PBXFileReference; lastKnownFileType = file; path = c008.ogg; sourceTree = "<group>"; };
		ED755C9518BB04C900E7AC88 /* c009.mp3 */ = {isa = PBXFileReference; lastKnownFileType = audio.mp3; path = c009.mp3; sourceTree = "<group>"; };
		ED755C9618BB04C900E7AC88 /* c009.ogg */ = {isa = PBXFileReference; lastKnownFileType = file; path = c009.ogg; sourceTree = "<group>"; };
		ED755C9718BB04C900E7AC88 /* c010.mp3 */ = {isa = PBXFileReference; lastKnownFileType = audio.mp3; path = c010.mp3; sourceTree = "<group>"; };
		ED755C9818BB04C900E7AC88 /* c010.ogg */ = {isa = PBXFileReference; lastKnownFileType = file; path = c010.ogg; sourceTree = "<group>"; };
		ED755C9918BB04C900E7AC88 /* c011.mp3 */ = {isa = PBXFileReference; lastKnownFileType = audio.mp3; path = c011.mp3; sourceTree = "<group>"; };
		ED755C9A18BB04C900E7AC88 /* c011.ogg */ = {isa = PBXFileReference; lastKnownFileType = file; path = c011.ogg; sourceTree = "<group>"; };
		ED755C9B18BB04C900E7AC88 /* c012.mp3 */ = {isa = PBXFileReference; lastKnownFileType = audio.mp3; path = c012.mp3; sourceTree = "<group>"; };
		ED755C9C18BB04C900E7AC88 /* c012.ogg */ = {isa = PBXFileReference; lastKnownFileType = file; path = c012.ogg; sourceTree = "<group>"; };
		ED755C9D18BB04C900E7AC88 /* c013.mp3 */ = {isa = PBXFileReference; lastKnownFileType = audio.mp3; path = c013.mp3; sourceTree = "<group>"; };
		ED755C9E18BB04C900E7AC88 /* c013.ogg */ = {isa = PBXFileReference; lastKnownFileType = file; path = c013.ogg; sourceTree = "<group>"; };
		ED755C9F18BB04C900E7AC88 /* c014.mp3 */ = {isa = PBXFileReference; lastKnownFileType = audio.mp3; path = c014.mp3; sourceTree = "<group>"; };
		ED755CA018BB04C900E7AC88 /* c014.ogg */ = {isa = PBXFileReference; lastKnownFileType = file; path = c014.ogg; sourceTree = "<group>"; };
		ED755CA118BB04C900E7AC88 /* c015.mp3 */ = {isa = PBXFileReference; lastKnownFileType = audio.mp3; path = c015.mp3; sourceTree = "<group>"; };
		ED755CA218BB04C900E7AC88 /* c015.ogg */ = {isa = PBXFileReference; lastKnownFileType = file; path = c015.ogg; sourceTree = "<group>"; };
		ED755CA318BB04C900E7AC88 /* c016.mp3 */ = {isa = PBXFileReference; lastKnownFileType = audio.mp3; path = c016.mp3; sourceTree = "<group>"; };
		ED755CA418BB04C900E7AC88 /* c016.ogg */ = {isa = PBXFileReference; lastKnownFileType = file; path = c016.ogg; sourceTree = "<group>"; };
		ED755CA518BB04C900E7AC88 /* c017.mp3 */ = {isa = PBXFileReference; lastKnownFileType = audio.mp3; path = c017.mp3; sourceTree = "<group>"; };
		ED755CA618BB04C900E7AC88 /* c017.ogg */ = {isa = PBXFileReference; lastKnownFileType = file; path = c017.ogg; sourceTree = "<group>"; };
		ED755CA718BB04C900E7AC88 /* c018.mp3 */ = {isa = PBXFileReference; lastKnownFileType = audio.mp3; path = c018.mp3; sourceTree = "<group>"; };
		ED755CA818BB04C900E7AC88 /* c018.ogg */ = {isa = PBXFileReference; lastKnownFileType = file; path = c018.ogg; sourceTree = "<group>"; };
		ED755CA918BB04C900E7AC88 /* c019.mp3 */ = {isa = PBXFileReference; lastKnownFileType = audio.mp3; path = c019.mp3; sourceTree = "<group>"; };
		ED755CAA18BB04C900E7AC88 /* c019.ogg */ = {isa = PBXFileReference; lastKnownFileType = file; path = c019.ogg; sourceTree = "<group>"; };
		ED755CAB18BB04C900E7AC88 /* c020.mp3 */ = {isa = PBXFileReference; lastKnownFileType = audio.mp3; path = c020.mp3; sourceTree = "<group>"; };
		ED755CAC18BB04C900E7AC88 /* c020.ogg */ = {isa = PBXFileReference; lastKnownFileType = file; path = c020.ogg; sourceTree = "<group>"; };
		ED755CAD18BB04C900E7AC88 /* c021.mp3 */ = {isa = PBXFileReference; lastKnownFileType = audio.mp3; path = c021.mp3; sourceTree = "<group>"; };
		ED755CAE18BB04C900E7AC88 /* c021.ogg */ = {isa = PBXFileReference; lastKnownFileType = file; path = c021.ogg; sourceTree = "<group>"; };
		ED755CAF18BB04C900E7AC88 /* c022.mp3 */ = {isa = PBXFileReference; lastKnownFileType = audio.mp3; path = c022.mp3; sourceTree = "<group>"; };
		ED755CB018BB04C900E7AC88 /* c022.ogg */ = {isa = PBXFileReference; lastKnownFileType = file; path = c022.ogg; sourceTree = "<group>"; };
		ED755CB118BB04C900E7AC88 /* c023.mp3 */ = {isa = PBXFileReference; lastKnownFileType = audio.mp3; path = c023.mp3; sourceTree = "<group>"; };
		ED755CB218BB04C900E7AC88 /* c023.ogg */ = {isa = PBXFileReference; lastKnownFileType = file; path = c023.ogg; sourceTree = "<group>"; };
		ED755CB318BB04C900E7AC88 /* c024.mp3 */ = {isa = PBXFileReference; lastKnownFileType = audio.mp3; path = c024.mp3; sourceTree = "<group>"; };
		ED755CB418BB04C900E7AC88 /* c024.ogg */ = {isa = PBXFileReference; lastKnownFileType = file; path = c024.ogg; sourceTree = "<group>"; };
		ED755CB518BB04C900E7AC88 /* c025.mp3 */ = {isa = PBXFileReference; lastKnownFileType = audio.mp3; path = c025.mp3; sourceTree = "<group>"; };
		ED755CB618BB04C900E7AC88 /* c025.ogg */ = {isa = PBXFileReference; lastKnownFileType = file; path = c025.ogg; sourceTree = "<group>"; };
		ED755CB718BB04C900E7AC88 /* c026.mp3 */ = {isa = PBXFileReference; lastKnownFileType = audio.mp3; path = c026.mp3; sourceTree = "<group>"; };
		ED755CB818BB04C900E7AC88 /* c026.ogg */ = {isa = PBXFileReference; lastKnownFileType = file; path = c026.ogg; sourceTree = "<group>"; };
		ED755CB918BB04C900E7AC88 /* c027.mp3 */ = {isa = PBXFileReference; lastKnownFileType = audio.mp3; path = c027.mp3; sourceTree = "<group>"; };
		ED755CBA18BB04C900E7AC88 /* c027.ogg */ = {isa = PBXFileReference; lastKnownFileType = file; path = c027.ogg; sourceTree = "<group>"; };
		ED755CBC18BB04C900E7AC88 /* swell1.mp3 */ = {isa = PBXFileReference; lastKnownFileType = audio.mp3; path = swell1.mp3; sourceTree = "<group>"; };
		ED755CBD18BB04C900E7AC88 /* swell1.ogg */ = {isa = PBXFileReference; lastKnownFileType = file; path = swell1.ogg; sourceTree = "<group>"; };
		ED755CBE18BB04C900E7AC88 /* swell2.mp3 */ = {isa = PBXFileReference; lastKnownFileType = audio.mp3; path = swell2.mp3; sourceTree = "<group>"; };
		ED755CBF18BB04C900E7AC88 /* swell2.ogg */ = {isa = PBXFileReference; lastKnownFileType = file; path = swell2.ogg; sourceTree = "<group>"; };
		ED755CC018BB04C900E7AC88 /* swell3.mp3 */ = {isa = PBXFileReference; lastKnownFileType = audio.mp3; path = swell3.mp3; sourceTree = "<group>"; };
		ED755CC118BB04C900E7AC88 /* swell3.ogg */ = {isa = PBXFileReference; lastKnownFileType = file; path = swell3.ogg; sourceTree = "<group>"; };
/* End PBXFileReference section */

/* Begin PBXFrameworksBuildPhase section */
		ED5B866A18BACA6500932430 /* Frameworks */ = {
			isa = PBXFrameworksBuildPhase;
			buildActionMask = 2147483647;
			files = (
				ED5B867318BACA6500932430 /* CoreGraphics.framework in Frameworks */,
				ED5B867518BACA6500932430 /* UIKit.framework in Frameworks */,
				ED5B867118BACA6500932430 /* Foundation.framework in Frameworks */,
				1A2D9BADBE7942998EA54F60 /* libPods.a in Frameworks */,
			);
			runOnlyForDeploymentPostprocessing = 0;
		};
		ED5B868B18BACA6600932430 /* Frameworks */ = {
			isa = PBXFrameworksBuildPhase;
			buildActionMask = 2147483647;
			files = (
				ED5B869018BACA6600932430 /* XCTest.framework in Frameworks */,
				ED5B869218BACA6600932430 /* UIKit.framework in Frameworks */,
				ED5B869118BACA6600932430 /* Foundation.framework in Frameworks */,
			);
			runOnlyForDeploymentPostprocessing = 0;
		};
/* End PBXFrameworksBuildPhase section */

/* Begin PBXGroup section */
		ED5B866418BACA6500932430 = {
			isa = PBXGroup;
			children = (
				ED5B867618BACA6500932430 /* HatnoteListen */,
				ED5B869518BACA6600932430 /* HatnoteListenTests */,
				ED5B866F18BACA6500932430 /* Frameworks */,
				ED5B866E18BACA6500932430 /* Products */,
				11D2B121FC08490EB3A4A0A5 /* Pods.xcconfig */,
			);
			sourceTree = "<group>";
		};
		ED5B866E18BACA6500932430 /* Products */ = {
			isa = PBXGroup;
			children = (
				ED5B866D18BACA6500932430 /* HatnoteListen.app */,
				ED5B868E18BACA6600932430 /* HatnoteListenTests.xctest */,
			);
			name = Products;
			sourceTree = "<group>";
		};
		ED5B866F18BACA6500932430 /* Frameworks */ = {
			isa = PBXGroup;
			children = (
				ED5B867018BACA6500932430 /* Foundation.framework */,
				ED5B867218BACA6500932430 /* CoreGraphics.framework */,
				ED5B867418BACA6500932430 /* UIKit.framework */,
				ED5B868F18BACA6600932430 /* XCTest.framework */,
				876574A93C6D4104A0E2E555 /* libPods.a */,
			);
			name = Frameworks;
			sourceTree = "<group>";
		};
		ED5B867618BACA6500932430 /* HatnoteListen */ = {
			isa = PBXGroup;
			children = (
				ED755C4C18BB04BB00E7AC88 /* Sounds */,
				ED5B867F18BACA6500932430 /* HATAppDelegate.h */,
				ED5B868018BACA6500932430 /* HATAppDelegate.m */,
				ED5B868218BACA6500932430 /* Main.storyboard */,
				ED5B868518BACA6500932430 /* HATViewController.h */,
				ED5B868618BACA6500932430 /* HATViewController.m */,
				ED5B868818BACA6500932430 /* Images.xcassets */,
				ED5B867718BACA6500932430 /* Supporting Files */,
			);
			path = HatnoteListen;
			sourceTree = "<group>";
		};
		ED5B867718BACA6500932430 /* Supporting Files */ = {
			isa = PBXGroup;
			children = (
				ED5B867818BACA6500932430 /* HatnoteListen-Info.plist */,
				ED5B867918BACA6500932430 /* InfoPlist.strings */,
				ED5B867C18BACA6500932430 /* main.m */,
				ED5B867E18BACA6500932430 /* HatnoteListen-Prefix.pch */,
			);
			name = "Supporting Files";
			sourceTree = "<group>";
		};
		ED5B869518BACA6600932430 /* HatnoteListenTests */ = {
			isa = PBXGroup;
			children = (
				ED5B869B18BACA6600932430 /* HatnoteListenTests.m */,
				ED5B869618BACA6600932430 /* Supporting Files */,
			);
			path = HatnoteListenTests;
			sourceTree = "<group>";
		};
		ED5B869618BACA6600932430 /* Supporting Files */ = {
			isa = PBXGroup;
			children = (
				ED5B869718BACA6600932430 /* HatnoteListenTests-Info.plist */,
				ED5B869818BACA6600932430 /* InfoPlist.strings */,
			);
			name = "Supporting Files";
			sourceTree = "<group>";
		};
		ED755C4C18BB04BB00E7AC88 /* Sounds */ = {
			isa = PBXGroup;
			children = (
				ED755C4D18BB04C900E7AC88 /* celesta */,
				ED755C8418BB04C900E7AC88 /* clav */,
				ED755CBB18BB04C900E7AC88 /* swells */,
			);
			name = Sounds;
			sourceTree = "<group>";
		};
		ED755C4D18BB04C900E7AC88 /* celesta */ = {
			isa = PBXGroup;
			children = (
				ED755C4E18BB04C900E7AC88 /* c001.mp3 */,
				ED755C4F18BB04C900E7AC88 /* c001.ogg */,
				ED755C5018BB04C900E7AC88 /* c002.mp3 */,
				ED755C5118BB04C900E7AC88 /* c002.ogg */,
				ED755C5218BB04C900E7AC88 /* c003.mp3 */,
				ED755C5318BB04C900E7AC88 /* c003.ogg */,
				ED755C5418BB04C900E7AC88 /* c004.mp3 */,
				ED755C5518BB04C900E7AC88 /* c004.ogg */,
				ED755C5618BB04C900E7AC88 /* c005.mp3 */,
				ED755C5718BB04C900E7AC88 /* c005.ogg */,
				ED755C5818BB04C900E7AC88 /* c006.mp3 */,
				ED755C5918BB04C900E7AC88 /* c006.ogg */,
				ED755C5A18BB04C900E7AC88 /* c007.mp3 */,
				ED755C5B18BB04C900E7AC88 /* c007.ogg */,
				ED755C5C18BB04C900E7AC88 /* c008.mp3 */,
				ED755C5D18BB04C900E7AC88 /* c008.ogg */,
				ED755C5E18BB04C900E7AC88 /* c009.mp3 */,
				ED755C5F18BB04C900E7AC88 /* c009.ogg */,
				ED755C6018BB04C900E7AC88 /* c010.mp3 */,
				ED755C6118BB04C900E7AC88 /* c010.ogg */,
				ED755C6218BB04C900E7AC88 /* c011.mp3 */,
				ED755C6318BB04C900E7AC88 /* c011.ogg */,
				ED755C6418BB04C900E7AC88 /* c012.mp3 */,
				ED755C6518BB04C900E7AC88 /* c012.ogg */,
				ED755C6618BB04C900E7AC88 /* c013.mp3 */,
				ED755C6718BB04C900E7AC88 /* c013.ogg */,
				ED755C6818BB04C900E7AC88 /* c014.mp3 */,
				ED755C6918BB04C900E7AC88 /* c014.ogg */,
				ED755C6A18BB04C900E7AC88 /* c015.mp3 */,
				ED755C6B18BB04C900E7AC88 /* c015.ogg */,
				ED755C6C18BB04C900E7AC88 /* c016.mp3 */,
				ED755C6D18BB04C900E7AC88 /* c016.ogg */,
				ED755C6E18BB04C900E7AC88 /* c017.mp3 */,
				ED755C6F18BB04C900E7AC88 /* c017.ogg */,
				ED755C7018BB04C900E7AC88 /* c018.mp3 */,
				ED755C7118BB04C900E7AC88 /* c018.ogg */,
				ED755C7218BB04C900E7AC88 /* c019.mp3 */,
				ED755C7318BB04C900E7AC88 /* c019.ogg */,
				ED755C7418BB04C900E7AC88 /* c020.mp3 */,
				ED755C7518BB04C900E7AC88 /* c020.ogg */,
				ED755C7618BB04C900E7AC88 /* c021.mp3 */,
				ED755C7718BB04C900E7AC88 /* c021.ogg */,
				ED755C7818BB04C900E7AC88 /* c022.mp3 */,
				ED755C7918BB04C900E7AC88 /* c022.ogg */,
				ED755C7A18BB04C900E7AC88 /* c023.mp3 */,
				ED755C7B18BB04C900E7AC88 /* c023.ogg */,
				ED755C7C18BB04C900E7AC88 /* c024.mp3 */,
				ED755C7D18BB04C900E7AC88 /* c024.ogg */,
				ED755C7E18BB04C900E7AC88 /* c025.mp3 */,
				ED755C7F18BB04C900E7AC88 /* c025.ogg */,
				ED755C8018BB04C900E7AC88 /* c026.mp3 */,
				ED755C8118BB04C900E7AC88 /* c026.ogg */,
				ED755C8218BB04C900E7AC88 /* c027.mp3 */,
				ED755C8318BB04C900E7AC88 /* c027.ogg */,
			);
			name = celesta;
			path = sounds/celesta;
			sourceTree = "<group>";
		};
		ED755C8418BB04C900E7AC88 /* clav */ = {
			isa = PBXGroup;
			children = (
				ED755C8518BB04C900E7AC88 /* c001.mp3 */,
				ED755C8618BB04C900E7AC88 /* c001.ogg */,
				ED755C8718BB04C900E7AC88 /* c002.mp3 */,
				ED755C8818BB04C900E7AC88 /* c002.ogg */,
				ED755C8918BB04C900E7AC88 /* c003.mp3 */,
				ED755C8A18BB04C900E7AC88 /* c003.ogg */,
				ED755C8B18BB04C900E7AC88 /* c004.mp3 */,
				ED755C8C18BB04C900E7AC88 /* c004.ogg */,
				ED755C8D18BB04C900E7AC88 /* c005.mp3 */,
				ED755C8E18BB04C900E7AC88 /* c005.ogg */,
				ED755C8F18BB04C900E7AC88 /* c006.mp3 */,
				ED755C9018BB04C900E7AC88 /* c006.ogg */,
				ED755C9118BB04C900E7AC88 /* c007.mp3 */,
				ED755C9218BB04C900E7AC88 /* c007.ogg */,
				ED755C9318BB04C900E7AC88 /* c008.mp3 */,
				ED755C9418BB04C900E7AC88 /* c008.ogg */,
				ED755C9518BB04C900E7AC88 /* c009.mp3 */,
				ED755C9618BB04C900E7AC88 /* c009.ogg */,
				ED755C9718BB04C900E7AC88 /* c010.mp3 */,
				ED755C9818BB04C900E7AC88 /* c010.ogg */,
				ED755C9918BB04C900E7AC88 /* c011.mp3 */,
				ED755C9A18BB04C900E7AC88 /* c011.ogg */,
				ED755C9B18BB04C900E7AC88 /* c012.mp3 */,
				ED755C9C18BB04C900E7AC88 /* c012.ogg */,
				ED755C9D18BB04C900E7AC88 /* c013.mp3 */,
				ED755C9E18BB04C900E7AC88 /* c013.ogg */,
				ED755C9F18BB04C900E7AC88 /* c014.mp3 */,
				ED755CA018BB04C900E7AC88 /* c014.ogg */,
				ED755CA118BB04C900E7AC88 /* c015.mp3 */,
				ED755CA218BB04C900E7AC88 /* c015.ogg */,
				ED755CA318BB04C900E7AC88 /* c016.mp3 */,
				ED755CA418BB04C900E7AC88 /* c016.ogg */,
				ED755CA518BB04C900E7AC88 /* c017.mp3 */,
				ED755CA618BB04C900E7AC88 /* c017.ogg */,
				ED755CA718BB04C900E7AC88 /* c018.mp3 */,
				ED755CA818BB04C900E7AC88 /* c018.ogg */,
				ED755CA918BB04C900E7AC88 /* c019.mp3 */,
				ED755CAA18BB04C900E7AC88 /* c019.ogg */,
				ED755CAB18BB04C900E7AC88 /* c020.mp3 */,
				ED755CAC18BB04C900E7AC88 /* c020.ogg */,
				ED755CAD18BB04C900E7AC88 /* c021.mp3 */,
				ED755CAE18BB04C900E7AC88 /* c021.ogg */,
				ED755CAF18BB04C900E7AC88 /* c022.mp3 */,
				ED755CB018BB04C900E7AC88 /* c022.ogg */,
				ED755CB118BB04C900E7AC88 /* c023.mp3 */,
				ED755CB218BB04C900E7AC88 /* c023.ogg */,
				ED755CB318BB04C900E7AC88 /* c024.mp3 */,
				ED755CB418BB04C900E7AC88 /* c024.ogg */,
				ED755CB518BB04C900E7AC88 /* c025.mp3 */,
				ED755CB618BB04C900E7AC88 /* c025.ogg */,
				ED755CB718BB04C900E7AC88 /* c026.mp3 */,
				ED755CB818BB04C900E7AC88 /* c026.ogg */,
				ED755CB918BB04C900E7AC88 /* c027.mp3 */,
				ED755CBA18BB04C900E7AC88 /* c027.ogg */,
			);
			name = clav;
			path = sounds/clav;
			sourceTree = "<group>";
		};
		ED755CBB18BB04C900E7AC88 /* swells */ = {
			isa = PBXGroup;
			children = (
				ED755CBC18BB04C900E7AC88 /* swell1.mp3 */,
				ED755CBD18BB04C900E7AC88 /* swell1.ogg */,
				ED755CBE18BB04C900E7AC88 /* swell2.mp3 */,
				ED755CBF18BB04C900E7AC88 /* swell2.ogg */,
				ED755CC018BB04C900E7AC88 /* swell3.mp3 */,
				ED755CC118BB04C900E7AC88 /* swell3.ogg */,
			);
			name = swells;
			path = sounds/swells;
			sourceTree = "<group>";
		};
/* End PBXGroup section */

/* Begin PBXNativeTarget section */
		ED5B866C18BACA6500932430 /* HatnoteListen */ = {
			isa = PBXNativeTarget;
			buildConfigurationList = ED5B869F18BACA6600932430 /* Build configuration list for PBXNativeTarget "HatnoteListen" */;
			buildPhases = (
				02159D2B56B34BBEA5DB97D2 /* Check Pods Manifest.lock */,
				ED5B866918BACA6500932430 /* Sources */,
				ED5B866A18BACA6500932430 /* Frameworks */,
				ED5B866B18BACA6500932430 /* Resources */,
				99ABFE9DF288463D8D68B580 /* Copy Pods Resources */,
			);
			buildRules = (
			);
			dependencies = (
			);
			name = HatnoteListen;
			productName = HatnoteListen;
			productReference = ED5B866D18BACA6500932430 /* HatnoteListen.app */;
			productType = "com.apple.product-type.application";
		};
		ED5B868D18BACA6600932430 /* HatnoteListenTests */ = {
			isa = PBXNativeTarget;
			buildConfigurationList = ED5B86A218BACA6600932430 /* Build configuration list for PBXNativeTarget "HatnoteListenTests" */;
			buildPhases = (
				ED5B868A18BACA6600932430 /* Sources */,
				ED5B868B18BACA6600932430 /* Frameworks */,
				ED5B868C18BACA6600932430 /* Resources */,
			);
			buildRules = (
			);
			dependencies = (
				ED5B869418BACA6600932430 /* PBXTargetDependency */,
			);
			name = HatnoteListenTests;
			productName = HatnoteListenTests;
			productReference = ED5B868E18BACA6600932430 /* HatnoteListenTests.xctest */;
			productType = "com.apple.product-type.bundle.unit-test";
		};
/* End PBXNativeTarget section */

/* Begin PBXProject section */
		ED5B866518BACA6500932430 /* Project object */ = {
			isa = PBXProject;
			attributes = {
				CLASSPREFIX = HAT;
				LastUpgradeCheck = 0500;
				ORGANIZATIONNAME = "Bryan Oltman";
				TargetAttributes = {
					ED5B868D18BACA6600932430 = {
						TestTargetID = ED5B866C18BACA6500932430;
					};
				};
			};
			buildConfigurationList = ED5B866818BACA6500932430 /* Build configuration list for PBXProject "HatnoteListen" */;
			compatibilityVersion = "Xcode 3.2";
			developmentRegion = English;
			hasScannedForEncodings = 0;
			knownRegions = (
				en,
				Base,
			);
			mainGroup = ED5B866418BACA6500932430;
			productRefGroup = ED5B866E18BACA6500932430 /* Products */;
			projectDirPath = "";
			projectRoot = "";
			targets = (
				ED5B866C18BACA6500932430 /* HatnoteListen */,
				ED5B868D18BACA6600932430 /* HatnoteListenTests */,
			);
		};
/* End PBXProject section */

/* Begin PBXResourcesBuildPhase section */
		ED5B866B18BACA6500932430 /* Resources */ = {
			isa = PBXResourcesBuildPhase;
			buildActionMask = 2147483647;
			files = (
				ED755D3118BB04C900E7AC88 /* swell2.ogg in Resources */,
				ED755D1618BB04C900E7AC88 /* c016.mp3 in Resources */,
				ED755CF518BB04C900E7AC88 /* c026.ogg in Resources */,
				ED755CE118BB04C900E7AC88 /* c016.ogg in Resources */,
				ED755CCE18BB04C900E7AC88 /* c007.mp3 in Resources */,
				ED755D2518BB04C900E7AC88 /* c023.ogg in Resources */,
				ED755D2718BB04C900E7AC88 /* c024.ogg in Resources */,
				ED755CFB18BB04C900E7AC88 /* c002.ogg in Resources */,
				ED755D0718BB04C900E7AC88 /* c008.ogg in Resources */,
				ED755CED18BB04C900E7AC88 /* c022.ogg in Resources */,
				ED755CFF18BB04C900E7AC88 /* c004.ogg in Resources */,
				ED755CC318BB04C900E7AC88 /* c001.ogg in Resources */,
				ED755CD418BB04C900E7AC88 /* c010.mp3 in Resources */,
				ED755CEA18BB04C900E7AC88 /* c021.mp3 in Resources */,
				ED755D1818BB04C900E7AC88 /* c017.mp3 in Resources */,
				ED755CC818BB04C900E7AC88 /* c004.mp3 in Resources */,
				ED755CE818BB04C900E7AC88 /* c020.mp3 in Resources */,
				ED755CD118BB04C900E7AC88 /* c008.ogg in Resources */,
				ED755D0518BB04C900E7AC88 /* c007.ogg in Resources */,
				ED755CCA18BB04C900E7AC88 /* c005.mp3 in Resources */,
				ED755D1018BB04C900E7AC88 /* c013.mp3 in Resources */,
				ED755D1918BB04C900E7AC88 /* c017.ogg in Resources */,
				ED755CFA18BB04C900E7AC88 /* c002.mp3 in Resources */,
				ED755CCC18BB04C900E7AC88 /* c006.mp3 in Resources */,
				ED755CD218BB04C900E7AC88 /* c009.mp3 in Resources */,
				ED755D0B18BB04C900E7AC88 /* c010.ogg in Resources */,
				ED755CE918BB04C900E7AC88 /* c020.ogg in Resources */,
				ED5B868918BACA6500932430 /* Images.xcassets in Resources */,
				ED755CFD18BB04C900E7AC88 /* c003.ogg in Resources */,
				ED755D2418BB04C900E7AC88 /* c023.mp3 in Resources */,
				ED755CEE18BB04C900E7AC88 /* c023.mp3 in Resources */,
				ED755D0018BB04C900E7AC88 /* c005.mp3 in Resources */,
				ED755CD518BB04C900E7AC88 /* c010.ogg in Resources */,
				ED755D2E18BB04C900E7AC88 /* swell1.mp3 in Resources */,
				ED755D0D18BB04C900E7AC88 /* c011.ogg in Resources */,
				ED755CE618BB04C900E7AC88 /* c019.mp3 in Resources */,
				ED755CEC18BB04C900E7AC88 /* c022.mp3 in Resources */,
				ED755D1118BB04C900E7AC88 /* c013.ogg in Resources */,
				ED755CCD18BB04C900E7AC88 /* c006.ogg in Resources */,
				ED755D2F18BB04C900E7AC88 /* swell1.ogg in Resources */,
				ED755CD618BB04C900E7AC88 /* c011.mp3 in Resources */,
				ED5B867B18BACA6500932430 /* InfoPlist.strings in Resources */,
				ED755CDB18BB04C900E7AC88 /* c013.ogg in Resources */,
				ED755D2318BB04C900E7AC88 /* c022.ogg in Resources */,
				ED755CCF18BB04C900E7AC88 /* c007.ogg in Resources */,
				ED755D0318BB04C900E7AC88 /* c006.ogg in Resources */,
				ED755D0818BB04C900E7AC88 /* c009.mp3 in Resources */,
				ED755CC218BB04C900E7AC88 /* c001.mp3 in Resources */,
				ED755CF218BB04C900E7AC88 /* c025.mp3 in Resources */,
				ED755D2C18BB04C900E7AC88 /* c027.mp3 in Resources */,
				ED755D2818BB04C900E7AC88 /* c025.mp3 in Resources */,
				ED755CF618BB04C900E7AC88 /* c027.mp3 in Resources */,
				ED755CD718BB04C900E7AC88 /* c011.ogg in Resources */,
				ED755CC618BB04C900E7AC88 /* c003.mp3 in Resources */,
				ED755D3218BB04C900E7AC88 /* swell3.mp3 in Resources */,
				ED755CF918BB04C900E7AC88 /* c001.ogg in Resources */,
				ED755CD918BB04C900E7AC88 /* c012.ogg in Resources */,
				ED755D1C18BB04C900E7AC88 /* c019.mp3 in Resources */,
				ED755D1B18BB04C900E7AC88 /* c018.ogg in Resources */,
				ED755CD018BB04C900E7AC88 /* c008.mp3 in Resources */,
				ED755CDF18BB04C900E7AC88 /* c015.ogg in Resources */,
				ED755CEF18BB04C900E7AC88 /* c023.ogg in Resources */,
				ED755D0118BB04C900E7AC88 /* c005.ogg in Resources */,
				ED755D2118BB04C900E7AC88 /* c021.ogg in Resources */,
				ED755CE718BB04C900E7AC88 /* c019.ogg in Resources */,
				ED755CF018BB04C900E7AC88 /* c024.mp3 in Resources */,
				ED755D1218BB04C900E7AC88 /* c014.mp3 in Resources */,
				ED755CE318BB04C900E7AC88 /* c017.ogg in Resources */,
				ED755D1F18BB04C900E7AC88 /* c020.ogg in Resources */,
				ED755CE518BB04C900E7AC88 /* c018.ogg in Resources */,
				ED5B868418BACA6500932430 /* Main.storyboard in Resources */,
				ED755D2218BB04C900E7AC88 /* c022.mp3 in Resources */,
				ED755D1E18BB04C900E7AC88 /* c020.mp3 in Resources */,
				ED755CE018BB04C900E7AC88 /* c016.mp3 in Resources */,
				ED755D1D18BB04C900E7AC88 /* c019.ogg in Resources */,
				ED755D1A18BB04C900E7AC88 /* c018.mp3 in Resources */,
				ED755D0918BB04C900E7AC88 /* c009.ogg in Resources */,
				ED755CC918BB04C900E7AC88 /* c004.ogg in Resources */,
				ED755D2618BB04C900E7AC88 /* c024.mp3 in Resources */,
				ED755D0218BB04C900E7AC88 /* c006.mp3 in Resources */,
				ED755CC418BB04C900E7AC88 /* c002.mp3 in Resources */,
				ED755CF718BB04C900E7AC88 /* c027.ogg in Resources */,
				ED755CF118BB04C900E7AC88 /* c024.ogg in Resources */,
				ED755CCB18BB04C900E7AC88 /* c005.ogg in Resources */,
				ED755CC518BB04C900E7AC88 /* c002.ogg in Resources */,
				ED755D2B18BB04C900E7AC88 /* c026.ogg in Resources */,
				ED755D2018BB04C900E7AC88 /* c021.mp3 in Resources */,
				ED755CEB18BB04C900E7AC88 /* c021.ogg in Resources */,
				ED755D1718BB04C900E7AC88 /* c016.ogg in Resources */,
				ED755CC718BB04C900E7AC88 /* c003.ogg in Resources */,
				ED755D1518BB04C900E7AC88 /* c015.ogg in Resources */,
				ED755D0418BB04C900E7AC88 /* c007.mp3 in Resources */,
				ED755CF318BB04C900E7AC88 /* c025.ogg in Resources */,
				ED755CE218BB04C900E7AC88 /* c017.mp3 in Resources */,
				ED755CDC18BB04C900E7AC88 /* c014.mp3 in Resources */,
				ED755CF418BB04C900E7AC88 /* c026.mp3 in Resources */,
				ED755CDA18BB04C900E7AC88 /* c013.mp3 in Resources */,
				ED755D2918BB04C900E7AC88 /* c025.ogg in Resources */,
				ED755CF818BB04C900E7AC88 /* c001.mp3 in Resources */,
				ED755D2D18BB04C900E7AC88 /* c027.ogg in Resources */,
				ED755CD818BB04C900E7AC88 /* c012.mp3 in Resources */,
				ED755D0618BB04C900E7AC88 /* c008.mp3 in Resources */,
				ED755D0F18BB04C900E7AC88 /* c012.ogg in Resources */,
				ED755CDD18BB04C900E7AC88 /* c014.ogg in Resources */,
				ED755D0C18BB04C900E7AC88 /* c011.mp3 in Resources */,
				ED755D1418BB04C900E7AC88 /* c015.mp3 in Resources */,
				ED755CFC18BB04C900E7AC88 /* c003.mp3 in Resources */,
				ED755D3018BB04C900E7AC88 /* swell2.mp3 in Resources */,
				ED755CD318BB04C900E7AC88 /* c009.ogg in Resources */,
				ED755D2A18BB04C900E7AC88 /* c026.mp3 in Resources */,
				ED755CFE18BB04C900E7AC88 /* c004.mp3 in Resources */,
				ED755D1318BB04C900E7AC88 /* c014.ogg in Resources */,
				ED755D0E18BB04C900E7AC88 /* c012.mp3 in Resources */,
				ED755CE418BB04C900E7AC88 /* c018.mp3 in Resources */,
				ED755D0A18BB04C900E7AC88 /* c010.mp3 in Resources */,
				ED755CDE18BB04C900E7AC88 /* c015.mp3 in Resources */,
				ED755D3318BB04C900E7AC88 /* swell3.ogg in Resources */,
			);
			runOnlyForDeploymentPostprocessing = 0;
		};
		ED5B868C18BACA6600932430 /* Resources */ = {
			isa = PBXResourcesBuildPhase;
			buildActionMask = 2147483647;
			files = (
				ED5B869A18BACA6600932430 /* InfoPlist.strings in Resources */,
			);
			runOnlyForDeploymentPostprocessing = 0;
		};
/* End PBXResourcesBuildPhase section */

/* Begin PBXShellScriptBuildPhase section */
		02159D2B56B34BBEA5DB97D2 /* Check Pods Manifest.lock */ = {
			isa = PBXShellScriptBuildPhase;
			buildActionMask = 2147483647;
			files = (
			);
			inputPaths = (
			);
			name = "Check Pods Manifest.lock";
			outputPaths = (
			);
			runOnlyForDeploymentPostprocessing = 0;
			shellPath = /bin/sh;
			shellScript = "diff \"${PODS_ROOT}/../Podfile.lock\" \"${PODS_ROOT}/Manifest.lock\" > /dev/null\nif [[ $? != 0 ]] ; then\n    cat << EOM\nerror: The sandbox is not in sync with the Podfile.lock. Run 'pod install' or update your CocoaPods installation.\nEOM\n    exit 1\nfi\n";
			showEnvVarsInLog = 0;
		};
		99ABFE9DF288463D8D68B580 /* Copy Pods Resources */ = {
			isa = PBXShellScriptBuildPhase;
			buildActionMask = 2147483647;
			files = (
			);
			inputPaths = (
			);
			name = "Copy Pods Resources";
			outputPaths = (
			);
			runOnlyForDeploymentPostprocessing = 0;
			shellPath = /bin/sh;
			shellScript = "\"${SRCROOT}/Pods/Pods-resources.sh\"\n";
			showEnvVarsInLog = 0;
		};
/* End PBXShellScriptBuildPhase section */

/* Begin PBXSourcesBuildPhase section */
		ED5B866918BACA6500932430 /* Sources */ = {
			isa = PBXSourcesBuildPhase;
			buildActionMask = 2147483647;
			files = (
				ED5B868118BACA6500932430 /* HATAppDelegate.m in Sources */,
				ED5B867D18BACA6500932430 /* main.m in Sources */,
				ED5B868718BACA6500932430 /* HATViewController.m in Sources */,
			);
			runOnlyForDeploymentPostprocessing = 0;
		};
		ED5B868A18BACA6600932430 /* Sources */ = {
			isa = PBXSourcesBuildPhase;
			buildActionMask = 2147483647;
			files = (
				ED5B869C18BACA6600932430 /* HatnoteListenTests.m in Sources */,
			);
			runOnlyForDeploymentPostprocessing = 0;
		};
/* End PBXSourcesBuildPhase section */

/* Begin PBXTargetDependency section */
		ED5B869418BACA6600932430 /* PBXTargetDependency */ = {
			isa = PBXTargetDependency;
			target = ED5B866C18BACA6500932430 /* HatnoteListen */;
			targetProxy = ED5B869318BACA6600932430 /* PBXContainerItemProxy */;
		};
/* End PBXTargetDependency section */

/* Begin PBXVariantGroup section */
		ED5B867918BACA6500932430 /* InfoPlist.strings */ = {
			isa = PBXVariantGroup;
			children = (
				ED5B867A18BACA6500932430 /* en */,
			);
			name = InfoPlist.strings;
			sourceTree = "<group>";
		};
		ED5B868218BACA6500932430 /* Main.storyboard */ = {
			isa = PBXVariantGroup;
			children = (
				ED5B868318BACA6500932430 /* Base */,
			);
			name = Main.storyboard;
			sourceTree = "<group>";
		};
		ED5B869818BACA6600932430 /* InfoPlist.strings */ = {
			isa = PBXVariantGroup;
			children = (
				ED5B869918BACA6600932430 /* en */,
			);
			name = InfoPlist.strings;
			sourceTree = "<group>";
		};
/* End PBXVariantGroup section */

/* Begin XCBuildConfiguration section */
		ED5B869D18BACA6600932430 /* Debug */ = {
			isa = XCBuildConfiguration;
			buildSettings = {
				ALWAYS_SEARCH_USER_PATHS = NO;
				ARCHS = "$(ARCHS_STANDARD_INCLUDING_64_BIT)";
				CLANG_CXX_LANGUAGE_STANDARD = "gnu++0x";
				CLANG_CXX_LIBRARY = "libc++";
				CLANG_ENABLE_MODULES = YES;
				CLANG_ENABLE_OBJC_ARC = YES;
				CLANG_WARN_BOOL_CONVERSION = YES;
				CLANG_WARN_CONSTANT_CONVERSION = YES;
				CLANG_WARN_DIRECT_OBJC_ISA_USAGE = YES_ERROR;
				CLANG_WARN_EMPTY_BODY = YES;
				CLANG_WARN_ENUM_CONVERSION = YES;
				CLANG_WARN_INT_CONVERSION = YES;
				CLANG_WARN_OBJC_ROOT_CLASS = YES_ERROR;
				CLANG_WARN__DUPLICATE_METHOD_MATCH = YES;
				"CODE_SIGN_IDENTITY[sdk=iphoneos*]" = "iPhone Developer";
				COPY_PHASE_STRIP = NO;
				GCC_C_LANGUAGE_STANDARD = gnu99;
				GCC_DYNAMIC_NO_PIC = NO;
				GCC_OPTIMIZATION_LEVEL = 0;
				GCC_PREPROCESSOR_DEFINITIONS = (
					"DEBUG=1",
					"$(inherited)",
				);
				GCC_SYMBOLS_PRIVATE_EXTERN = NO;
				GCC_WARN_64_TO_32_BIT_CONVERSION = YES;
				GCC_WARN_ABOUT_RETURN_TYPE = YES_ERROR;
				GCC_WARN_UNDECLARED_SELECTOR = YES;
				GCC_WARN_UNINITIALIZED_AUTOS = YES;
				GCC_WARN_UNUSED_FUNCTION = YES;
				GCC_WARN_UNUSED_VARIABLE = YES;
				IPHONEOS_DEPLOYMENT_TARGET = 7.0;
				ONLY_ACTIVE_ARCH = YES;
				SDKROOT = iphoneos;
			};
			name = Debug;
		};
		ED5B869E18BACA6600932430 /* Release */ = {
			isa = XCBuildConfiguration;
			buildSettings = {
				ALWAYS_SEARCH_USER_PATHS = NO;
				ARCHS = "$(ARCHS_STANDARD_INCLUDING_64_BIT)";
				CLANG_CXX_LANGUAGE_STANDARD = "gnu++0x";
				CLANG_CXX_LIBRARY = "libc++";
				CLANG_ENABLE_MODULES = YES;
				CLANG_ENABLE_OBJC_ARC = YES;
				CLANG_WARN_BOOL_CONVERSION = YES;
				CLANG_WARN_CONSTANT_CONVERSION = YES;
				CLANG_WARN_DIRECT_OBJC_ISA_USAGE = YES_ERROR;
				CLANG_WARN_EMPTY_BODY = YES;
				CLANG_WARN_ENUM_CONVERSION = YES;
				CLANG_WARN_INT_CONVERSION = YES;
				CLANG_WARN_OBJC_ROOT_CLASS = YES_ERROR;
				CLANG_WARN__DUPLICATE_METHOD_MATCH = YES;
				"CODE_SIGN_IDENTITY[sdk=iphoneos*]" = "iPhone Developer";
				COPY_PHASE_STRIP = YES;
				ENABLE_NS_ASSERTIONS = NO;
				GCC_C_LANGUAGE_STANDARD = gnu99;
				GCC_WARN_64_TO_32_BIT_CONVERSION = YES;
				GCC_WARN_ABOUT_RETURN_TYPE = YES_ERROR;
				GCC_WARN_UNDECLARED_SELECTOR = YES;
				GCC_WARN_UNINITIALIZED_AUTOS = YES;
				GCC_WARN_UNUSED_FUNCTION = YES;
				GCC_WARN_UNUSED_VARIABLE = YES;
				IPHONEOS_DEPLOYMENT_TARGET = 7.0;
				SDKROOT = iphoneos;
				VALIDATE_PRODUCT = YES;
			};
			name = Release;
		};
		ED5B86A018BACA6600932430 /* Debug */ = {
			isa = XCBuildConfiguration;
			baseConfigurationReference = 11D2B121FC08490EB3A4A0A5 /* Pods.xcconfig */;
			buildSettings = {
				ASSETCATALOG_COMPILER_APPICON_NAME = AppIcon;
				ASSETCATALOG_COMPILER_LAUNCHIMAGE_NAME = LaunchImage;
				GCC_PRECOMPILE_PREFIX_HEADER = YES;
				GCC_PREFIX_HEADER = "HatnoteListen/HatnoteListen-Prefix.pch";
				INFOPLIST_FILE = "HatnoteListen/HatnoteListen-Info.plist";
				PRODUCT_NAME = "$(TARGET_NAME)";
				WRAPPER_EXTENSION = app;
			};
			name = Debug;
		};
		ED5B86A118BACA6600932430 /* Release */ = {
			isa = XCBuildConfiguration;
			baseConfigurationReference = 11D2B121FC08490EB3A4A0A5 /* Pods.xcconfig */;
			buildSettings = {
				ASSETCATALOG_COMPILER_APPICON_NAME = AppIcon;
				ASSETCATALOG_COMPILER_LAUNCHIMAGE_NAME = LaunchImage;
				GCC_PRECOMPILE_PREFIX_HEADER = YES;
				GCC_PREFIX_HEADER = "HatnoteListen/HatnoteListen-Prefix.pch";
				INFOPLIST_FILE = "HatnoteListen/HatnoteListen-Info.plist";
				PRODUCT_NAME = "$(TARGET_NAME)";
				WRAPPER_EXTENSION = app;
			};
			name = Release;
		};
		ED5B86A318BACA6600932430 /* Debug */ = {
			isa = XCBuildConfiguration;
			buildSettings = {
				ARCHS = "$(ARCHS_STANDARD_INCLUDING_64_BIT)";
				BUNDLE_LOADER = "$(BUILT_PRODUCTS_DIR)/HatnoteListen.app/HatnoteListen";
				FRAMEWORK_SEARCH_PATHS = (
					"$(SDKROOT)/Developer/Library/Frameworks",
					"$(inherited)",
					"$(DEVELOPER_FRAMEWORKS_DIR)",
				);
				GCC_PRECOMPILE_PREFIX_HEADER = YES;
				GCC_PREFIX_HEADER = "HatnoteListen/HatnoteListen-Prefix.pch";
				GCC_PREPROCESSOR_DEFINITIONS = (
					"DEBUG=1",
					"$(inherited)",
				);
				INFOPLIST_FILE = "HatnoteListenTests/HatnoteListenTests-Info.plist";
				PRODUCT_NAME = "$(TARGET_NAME)";
				TEST_HOST = "$(BUNDLE_LOADER)";
				WRAPPER_EXTENSION = xctest;
			};
			name = Debug;
		};
		ED5B86A418BACA6600932430 /* Release */ = {
			isa = XCBuildConfiguration;
			buildSettings = {
				ARCHS = "$(ARCHS_STANDARD_INCLUDING_64_BIT)";
				BUNDLE_LOADER = "$(BUILT_PRODUCTS_DIR)/HatnoteListen.app/HatnoteListen";
				FRAMEWORK_SEARCH_PATHS = (
					"$(SDKROOT)/Developer/Library/Frameworks",
					"$(inherited)",
					"$(DEVELOPER_FRAMEWORKS_DIR)",
				);
				GCC_PRECOMPILE_PREFIX_HEADER = YES;
				GCC_PREFIX_HEADER = "HatnoteListen/HatnoteListen-Prefix.pch";
				INFOPLIST_FILE = "HatnoteListenTests/HatnoteListenTests-Info.plist";
				PRODUCT_NAME = "$(TARGET_NAME)";
				TEST_HOST = "$(BUNDLE_LOADER)";
				WRAPPER_EXTENSION = xctest;
			};
			name = Release;
		};
/* End XCBuildConfiguration section */

/* Begin XCConfigurationList section */
		ED5B866818BACA6500932430 /* Build configuration list for PBXProject "HatnoteListen" */ = {
			isa = XCConfigurationList;
			buildConfigurations = (
				ED5B869D18BACA6600932430 /* Debug */,
				ED5B869E18BACA6600932430 /* Release */,
			);
			defaultConfigurationIsVisible = 0;
			defaultConfigurationName = Release;
		};
		ED5B869F18BACA6600932430 /* Build configuration list for PBXNativeTarget "HatnoteListen" */ = {
			isa = XCConfigurationList;
			buildConfigurations = (
				ED5B86A018BACA6600932430 /* Debug */,
				ED5B86A118BACA6600932430 /* Release */,
			);
			defaultConfigurationIsVisible = 0;
			defaultConfigurationName = Release;
		};
		ED5B86A218BACA6600932430 /* Build configuration list for PBXNativeTarget "HatnoteListenTests" */ = {
			isa = XCConfigurationList;
			buildConfigurations = (
				ED5B86A318BACA6600932430 /* Debug */,
				ED5B86A418BACA6600932430 /* Release */,
			);
			defaultConfigurationIsVisible = 0;
			defaultConfigurationName = Release;
		};
/* End XCConfigurationList section */
	};
	rootObject = ED5B866518BACA6500932430 /* Project object */;
}
